// !$*UTF8*$!
{
	archiveVersion = 1;
	classes = {
	};
	objectVersion = 46;
	objects = {

/* Begin PBXBuildFile section */
		B33EBB981A77FFE800DDFC43 /* main.m in Sources */ = {isa = PBXBuildFile; fileRef = B33EBB971A77FFE800DDFC43 /* main.m */; };
		B33EBB9B1A77FFE800DDFC43 /* AppDelegate.m in Sources */ = {isa = PBXBuildFile; fileRef = B33EBB9A1A77FFE800DDFC43 /* AppDelegate.m */; };
		B33EBB9E1A77FFE800DDFC43 /* ViewController.m in Sources */ = {isa = PBXBuildFile; fileRef = B33EBB9D1A77FFE800DDFC43 /* ViewController.m */; };
		B33EBBA11A77FFE800DDFC43 /* Main.storyboard in Resources */ = {isa = PBXBuildFile; fileRef = B33EBB9F1A77FFE800DDFC43 /* Main.storyboard */; };
		B33EBBA31A77FFE800DDFC43 /* Images.xcassets in Resources */ = {isa = PBXBuildFile; fileRef = B33EBBA21A77FFE800DDFC43 /* Images.xcassets */; };
		B33EBBA61A77FFE800DDFC43 /* LaunchScreen.xib in Resources */ = {isa = PBXBuildFile; fileRef = B33EBBA41A77FFE800DDFC43 /* LaunchScreen.xib */; };
		B33EBBB21A77FFE800DDFC43 /* TenVeux2Tests.m in Sources */ = {isa = PBXBuildFile; fileRef = B33EBBB11A77FFE800DDFC43 /* TenVeux2Tests.m */; };
/* End PBXBuildFile section */

/* Begin PBXContainerItemProxy section */
		B33EBBAC1A77FFE800DDFC43 /* PBXContainerItemProxy */ = {
			isa = PBXContainerItemProxy;
			containerPortal = B33EBB8A1A77FFE800DDFC43 /* Project object */;
			proxyType = 1;
			remoteGlobalIDString = B33EBB911A77FFE800DDFC43;
			remoteInfo = TenVeux2;
		};
/* End PBXContainerItemProxy section */

/* Begin PBXFileReference section */
		B33EBB921A77FFE800DDFC43 /* TenVeux2.app */ = {isa = PBXFileReference; explicitFileType = wrapper.application; includeInIndex = 0; path = TenVeux2.app; sourceTree = BUILT_PRODUCTS_DIR; };
		B33EBB961A77FFE800DDFC43 /* Info.plist */ = {isa = PBXFileReference; lastKnownFileType = text.plist.xml; path = Info.plist; sourceTree = "<group>"; };
		B33EBB971A77FFE800DDFC43 /* main.m */ = {isa = PBXFileReference; lastKnownFileType = sourcecode.c.objc; path = main.m; sourceTree = "<group>"; };
		B33EBB991A77FFE800DDFC43 /* AppDelegate.h */ = {isa = PBXFileReference; lastKnownFileType = sourcecode.c.h; path = AppDelegate.h; sourceTree = "<group>"; };
		B33EBB9A1A77FFE800DDFC43 /* AppDelegate.m */ = {isa = PBXFileReference; lastKnownFileType = sourcecode.c.objc; path = AppDelegate.m; sourceTree = "<group>"; };
		B33EBB9C1A77FFE800DDFC43 /* ViewController.h */ = {isa = PBXFileReference; lastKnownFileType = sourcecode.c.h; path = ViewController.h; sourceTree = "<group>"; };
		B33EBB9D1A77FFE800DDFC43 /* ViewController.m */ = {isa = PBXFileReference; lastKnownFileType = sourcecode.c.objc; path = ViewController.m; sourceTree = "<group>"; };
		B33EBBA01A77FFE800DDFC43 /* Base */ = {isa = PBXFileReference; lastKnownFileType = file.storyboard; name = Base; path = Base.lproj/Main.storyboard; sourceTree = "<group>"; };
		B33EBBA21A77FFE800DDFC43 /* Images.xcassets */ = {isa = PBXFileReference; lastKnownFileType = folder.assetcatalog; path = Images.xcassets; sourceTree = "<group>"; };
		B33EBBA51A77FFE800DDFC43 /* Base */ = {isa = PBXFileReference; lastKnownFileType = file.xib; name = Base; path = Base.lproj/LaunchScreen.xib; sourceTree = "<group>"; };
		B33EBBAB1A77FFE800DDFC43 /* TenVeux2Tests.xctest */ = {isa = PBXFileReference; explicitFileType = wrapper.cfbundle; includeInIndex = 0; path = TenVeux2Tests.xctest; sourceTree = BUILT_PRODUCTS_DIR; };
		B33EBBB01A77FFE800DDFC43 /* Info.plist */ = {isa = PBXFileReference; lastKnownFileType = text.plist.xml; path = Info.plist; sourceTree = "<group>"; };
		B33EBBB11A77FFE800DDFC43 /* TenVeux2Tests.m */ = {isa = PBXFileReference; lastKnownFileType = sourcecode.c.objc; path = TenVeux2Tests.m; sourceTree = "<group>"; };
/* End PBXFileReference section */

/* Begin PBXFrameworksBuildPhase section */
		B33EBB8F1A77FFE800DDFC43 /* Frameworks */ = {
			isa = PBXFrameworksBuildPhase;
			buildActionMask = 2147483647;
			files = (
			);
			runOnlyForDeploymentPostprocessing = 0;
		};
		B33EBBA81A77FFE800DDFC43 /* Frameworks */ = {
			isa = PBXFrameworksBuildPhase;
			buildActionMask = 2147483647;
			files = (
			);
			runOnlyForDeploymentPostprocessing = 0;
		};
/* End PBXFrameworksBuildPhase section */

/* Begin PBXGroup section */
		B33EBB891A77FFE800DDFC43 = {
			isa = PBXGroup;
			children = (
				B33EBB941A77FFE800DDFC43 /* TenVeux2 */,
				B33EBBAE1A77FFE800DDFC43 /* TenVeux2Tests */,
				B33EBB931A77FFE800DDFC43 /* Products */,
			);
			sourceTree = "<group>";
		};
		B33EBB931A77FFE800DDFC43 /* Products */ = {
			isa = PBXGroup;
			children = (
				B33EBB921A77FFE800DDFC43 /* TenVeux2.app */,
				B33EBBAB1A77FFE800DDFC43 /* TenVeux2Tests.xctest */,
			);
			name = Products;
			sourceTree = "<group>";
		};
		B33EBB941A77FFE800DDFC43 /* TenVeux2 */ = {
			isa = PBXGroup;
			children = (
				B33EBB991A77FFE800DDFC43 /* AppDelegate.h */,
				B33EBB9A1A77FFE800DDFC43 /* AppDelegate.m */,
				B33EBB9C1A77FFE800DDFC43 /* ViewController.h */,
				B33EBB9D1A77FFE800DDFC43 /* ViewController.m */,
				B33EBB9F1A77FFE800DDFC43 /* Main.storyboard */,
				B33EBBA21A77FFE800DDFC43 /* Images.xcassets */,
				B33EBBA41A77FFE800DDFC43 /* LaunchScreen.xib */,
				B33EBB951A77FFE800DDFC43 /* Supporting Files */,
			);
			path = TenVeux2;
			sourceTree = "<group>";
		};
		B33EBB951A77FFE800DDFC43 /* Supporting Files */ = {
			isa = PBXGroup;
			children = (
				B33EBB961A77FFE800DDFC43 /* Info.plist */,
				B33EBB971A77FFE800DDFC43 /* main.m */,
			);
			name = "Supporting Files";
			sourceTree = "<group>";
		};
		B33EBBAE1A77FFE800DDFC43 /* TenVeux2Tests */ = {
			isa = PBXGroup;
			children = (
				B33EBBB11A77FFE800DDFC43 /* TenVeux2Tests.m */,
				B33EBBAF1A77FFE800DDFC43 /* Supporting Files */,
			);
			path = TenVeux2Tests;
			sourceTree = "<group>";
		};
		B33EBBAF1A77FFE800DDFC43 /* Supporting Files */ = {
			isa = PBXGroup;
			children = (
				B33EBBB01A77FFE800DDFC43 /* Info.plist */,
			);
			name = "Supporting Files";
			sourceTree = "<group>";
		};
/* End PBXGroup section */

/* Begin PBXNativeTarget section */
		B33EBB911A77FFE800DDFC43 /* TenVeux2 */ = {
			isa = PBXNativeTarget;
			buildConfigurationList = B33EBBB51A77FFE800DDFC43 /* Build configuration list for PBXNativeTarget "TenVeux2" */;
			buildPhases = (
				B33EBB8E1A77FFE800DDFC43 /* Sources */,
				B33EBB8F1A77FFE800DDFC43 /* Frameworks */,
				B33EBB901A77FFE800DDFC43 /* Resources */,
			);
			buildRules = (
			);
			dependencies = (
			);
			name = TenVeux2;
			productName = TenVeux2;
			productReference = B33EBB921A77FFE800DDFC43 /* TenVeux2.app */;
			productType = "com.apple.product-type.application";
		};
		B33EBBAA1A77FFE800DDFC43 /* TenVeux2Tests */ = {
			isa = PBXNativeTarget;
			buildConfigurationList = B33EBBB81A77FFE800DDFC43 /* Build configuration list for PBXNativeTarget "TenVeux2Tests" */;
			buildPhases = (
				B33EBBA71A77FFE800DDFC43 /* Sources */,
				B33EBBA81A77FFE800DDFC43 /* Frameworks */,
				B33EBBA91A77FFE800DDFC43 /* Resources */,
			);
			buildRules = (
			);
			dependencies = (
				B33EBBAD1A77FFE800DDFC43 /* PBXTargetDependency */,
			);
			name = TenVeux2Tests;
			productName = TenVeux2Tests;
			productReference = B33EBBAB1A77FFE800DDFC43 /* TenVeux2Tests.xctest */;
			productType = "com.apple.product-type.bundle.unit-test";
		};
/* End PBXNativeTarget section */

/* Begin PBXProject section */
		B33EBB8A1A77FFE800DDFC43 /* Project object */ = {
			isa = PBXProject;
			attributes = {
				LastUpgradeCheck = 0610;
				ORGANIZATIONNAME = "Syrup Apps";
				TargetAttributes = {
					B33EBB911A77FFE800DDFC43 = {
						CreatedOnToolsVersion = 6.1.1;
					};
					B33EBBAA1A77FFE800DDFC43 = {
						CreatedOnToolsVersion = 6.1.1;
						TestTargetID = B33EBB911A77FFE800DDFC43;
					};
				};
			};
			buildConfigurationList = B33EBB8D1A77FFE800DDFC43 /* Build configuration list for PBXProject "TenVeux2" */;
			compatibilityVersion = "Xcode 3.2";
			developmentRegion = English;
			hasScannedForEncodings = 0;
			knownRegions = (
				en,
				Base,
			);
			mainGroup = B33EBB891A77FFE800DDFC43;
			productRefGroup = B33EBB931A77FFE800DDFC43 /* Products */;
			projectDirPath = "";
			projectRoot = "";
			targets = (
				B33EBB911A77FFE800DDFC43 /* TenVeux2 */,
				B33EBBAA1A77FFE800DDFC43 /* TenVeux2Tests */,
			);
		};
/* End PBXProject section */

/* Begin PBXResourcesBuildPhase section */
		B33EBB901A77FFE800DDFC43 /* Resources */ = {
			isa = PBXResourcesBuildPhase;
			buildActionMask = 2147483647;
			files = (
				B33EBBA11A77FFE800DDFC43 /* Main.storyboard in Resources */,
				B33EBBA61A77FFE800DDFC43 /* LaunchScreen.xib in Resources */,
				B33EBBA31A77FFE800DDFC43 /* Images.xcassets in Resources */,
			);
			runOnlyForDeploymentPostprocessing = 0;
		};
		B33EBBA91A77FFE800DDFC43 /* Resources */ = {
			isa = PBXResourcesBuildPhase;
			buildActionMask = 2147483647;
			files = (
			);
			runOnlyForDeploymentPostprocessing = 0;
		};
/* End PBXResourcesBuildPhase section */

/* Begin PBXSourcesBuildPhase section */
		B33EBB8E1A77FFE800DDFC43 /* Sources */ = {
			isa = PBXSourcesBuildPhase;
			buildActionMask = 2147483647;
			files = (
				B33EBB9E1A77FFE800DDFC43 /* ViewController.m in Sources */,
				B33EBB9B1A77FFE800DDFC43 /* AppDelegate.m in Sources */,
				B33EBB981A77FFE800DDFC43 /* main.m in Sources */,
			);
			runOnlyForDeploymentPostprocessing = 0;
		};
		B33EBBA71A77FFE800DDFC43 /* Sources */ = {
			isa = PBXSourcesBuildPhase;
			buildActionMask = 2147483647;
			files = (
				B33EBBB21A77FFE800DDFC43 /* TenVeux2Tests.m in Sources */,
			);
			runOnlyForDeploymentPostprocessing = 0;
		};
/* End PBXSourcesBuildPhase section */

/* Begin PBXTargetDependency section */
		B33EBBAD1A77FFE800DDFC43 /* PBXTargetDependency */ = {
			isa = PBXTargetDependency;
			target = B33EBB911A77FFE800DDFC43 /* TenVeux2 */;
			targetProxy = B33EBBAC1A77FFE800DDFC43 /* PBXContainerItemProxy */;
		};
/* End PBXTargetDependency section */

/* Begin PBXVariantGroup section */
		B33EBB9F1A77FFE800DDFC43 /* Main.storyboard */ = {
			isa = PBXVariantGroup;
			children = (
				B33EBBA01A77FFE800DDFC43 /* Base */,
			);
			name = Main.storyboard;
			sourceTree = "<group>";
		};
		B33EBBA41A77FFE800DDFC43 /* LaunchScreen.xib */ = {
			isa = PBXVariantGroup;
			children = (
				B33EBBA51A77FFE800DDFC43 /* Base */,
			);
			name = LaunchScreen.xib;
			sourceTree = "<group>";
		};
/* End PBXVariantGroup section */

/* Begin XCBuildConfiguration section */
		B33EBBB31A77FFE800DDFC43 /* Debug */ = {
			isa = XCBuildConfiguration;
			buildSettings = {
				ALWAYS_SEARCH_USER_PATHS = NO;
				CLANG_CXX_LANGUAGE_STANDARD = "gnu++0x";
				CLANG_CXX_LIBRARY = "libc++";
				CLANG_ENABLE_MODULES = YES;
				CLANG_ENABLE_OBJC_ARC = YES;
				CLANG_WARN_BOOL_CONVERSION = YES;
				CLANG_WARN_CONSTANT_CONVERSION = YES;
				CLANG_WARN_DIRECT_OBJC_ISA_USAGE = YES_ERROR;
				CLANG_WARN_EMPTY_BODY = YES;
				CLANG_WARN_ENUM_CONVERSION = YES;
				CLANG_WARN_INT_CONVERSION = YES;
				CLANG_WARN_OBJC_ROOT_CLASS = YES_ERROR;
				CLANG_WARN_UNREACHABLE_CODE = YES;
				CLANG_WARN__DUPLICATE_METHOD_MATCH = YES;
				"CODE_SIGN_IDENTITY[sdk=iphoneos*]" = "iPhone Developer";
				COPY_PHASE_STRIP = NO;
				ENABLE_STRICT_OBJC_MSGSEND = YES;
				GCC_C_LANGUAGE_STANDARD = gnu99;
				GCC_DYNAMIC_NO_PIC = NO;
				GCC_OPTIMIZATION_LEVEL = 0;
				GCC_PREPROCESSOR_DEFINITIONS = (
					"DEBUG=1",
					"$(inherited)",
				);
				GCC_SYMBOLS_PRIVATE_EXTERN = NO;
				GCC_WARN_64_TO_32_BIT_CONVERSION = YES;
				GCC_WARN_ABOUT_RETURN_TYPE = YES_ERROR;
				GCC_WARN_UNDECLARED_SELECTOR = YES;
				GCC_WARN_UNINITIALIZED_AUTOS = YES_AGGRESSIVE;
				GCC_WARN_UNUSED_FUNCTION = YES;
				GCC_WARN_UNUSED_VARIABLE = YES;
				IPHONEOS_DEPLOYMENT_TARGET = 8.1;
				MTL_ENABLE_DEBUG_INFO = YES;
				ONLY_ACTIVE_ARCH = YES;
				SDKROOT = iphoneos;
			};
			name = Debug;
		};
		B33EBBB41A77FFE800DDFC43 /* Release */ = {
			isa = XCBuildConfiguration;
			buildSettings = {
				ALWAYS_SEARCH_USER_PATHS = NO;
				CLANG_CXX_LANGUAGE_STANDARD = "gnu++0x";
				CLANG_CXX_LIBRARY = "libc++";
				CLANG_ENABLE_MODULES = YES;
				CLANG_ENABLE_OBJC_ARC = YES;
				CLANG_WARN_BOOL_CONVERSION = YES;
				CLANG_WARN_CONSTANT_CONVERSION = YES;
				CLANG_WARN_DIRECT_OBJC_ISA_USAGE = YES_ERROR;
				CLANG_WARN_EMPTY_BODY = YES;
				CLANG_WARN_ENUM_CONVERSION = YES;
				CLANG_WARN_INT_CONVERSION = YES;
				CLANG_WARN_OBJC_ROOT_CLASS = YES_ERROR;
				CLANG_WARN_UNREACHABLE_CODE = YES;
				CLANG_WARN__DUPLICATE_METHOD_MATCH = YES;
				"CODE_SIGN_IDENTITY[sdk=iphoneos*]" = "iPhone Developer";
				COPY_PHASE_STRIP = YES;
				ENABLE_NS_ASSERTIONS = NO;
				ENABLE_STRICT_OBJC_MSGSEND = YES;
				GCC_C_LANGUAGE_STANDARD = gnu99;
				GCC_WARN_64_TO_32_BIT_CONVERSION = YES;
				GCC_WARN_ABOUT_RETURN_TYPE = YES_ERROR;
				GCC_WARN_UNDECLARED_SELECTOR = YES;
				GCC_WARN_UNINITIALIZED_AUTOS = YES_AGGRESSIVE;
				GCC_WARN_UNUSED_FUNCTION = YES;
				GCC_WARN_UNUSED_VARIABLE = YES;
				IPHONEOS_DEPLOYMENT_TARGET = 8.1;
				MTL_ENABLE_DEBUG_INFO = NO;
				SDKROOT = iphoneos;
				VALIDATE_PRODUCT = YES;
			};
			name = Release;
		};
		B33EBBB61A77FFE800DDFC43 /* Debug */ = {
			isa = XCBuildConfiguration;
			buildSettings = {
				ASSETCATALOG_COMPILER_APPICON_NAME = AppIcon;
				INFOPLIST_FILE = TenVeux2/Info.plist;
				LD_RUNPATH_SEARCH_PATHS = "$(inherited) @executable_path/Frameworks";
				PRODUCT_NAME = "$(TARGET_NAME)";
			};
			name = Debug;
		};
		B33EBBB71A77FFE800DDFC43 /* Release */ = {
			isa = XCBuildConfiguration;
			buildSettings = {
				ASSETCATALOG_COMPILER_APPICON_NAME = AppIcon;
				INFOPLIST_FILE = TenVeux2/Info.plist;
				LD_RUNPATH_SEARCH_PATHS = "$(inherited) @executable_path/Frameworks";
				PRODUCT_NAME = "$(TARGET_NAME)";
			};
			name = Release;
		};
		B33EBBB91A77FFE800DDFC43 /* Debug */ = {
			isa = XCBuildConfiguration;
			buildSettings = {
				BUNDLE_LOADER = "$(TEST_HOST)";
				FRAMEWORK_SEARCH_PATHS = (
					"$(SDKROOT)/Developer/Library/Frameworks",
					"$(inherited)",
				);
				GCC_PREPROCESSOR_DEFINITIONS = (
					"DEBUG=1",
					"$(inherited)",
				);
				INFOPLIST_FILE = TenVeux2Tests/Info.plist;
				LD_RUNPATH_SEARCH_PATHS = "$(inherited) @executable_path/Frameworks @loader_path/Frameworks";
				PRODUCT_NAME = "$(TARGET_NAME)";
				TEST_HOST = "$(BUILT_PRODUCTS_DIR)/TenVeux2.app/TenVeux2";
			};
			name = Debug;
		};
		B33EBBBA1A77FFE800DDFC43 /* Release */ = {
			isa = XCBuildConfiguration;
			buildSettings = {
				BUNDLE_LOADER = "$(TEST_HOST)";
				FRAMEWORK_SEARCH_PATHS = (
					"$(SDKROOT)/Developer/Library/Frameworks",
					"$(inherited)",
				);
				INFOPLIST_FILE = TenVeux2Tests/Info.plist;
				LD_RUNPATH_SEARCH_PATHS = "$(inherited) @executable_path/Frameworks @loader_path/Frameworks";
				PRODUCT_NAME = "$(TARGET_NAME)";
				TEST_HOST = "$(BUILT_PRODUCTS_DIR)/TenVeux2.app/TenVeux2";
			};
			name = Release;
		};
/* End XCBuildConfiguration section */

/* Begin XCConfigurationList section */
		B33EBB8D1A77FFE800DDFC43 /* Build configuration list for PBXProject "TenVeux2" */ = {
			isa = XCConfigurationList;
			buildConfigurations = (
				B33EBBB31A77FFE800DDFC43 /* Debug */,
				B33EBBB41A77FFE800DDFC43 /* Release */,
			);
			defaultConfigurationIsVisible = 0;
			defaultConfigurationName = Release;
		};
		B33EBBB51A77FFE800DDFC43 /* Build configuration list for PBXNativeTarget "TenVeux2" */ = {
			isa = XCConfigurationList;
			buildConfigurations = (
				B33EBBB61A77FFE800DDFC43 /* Debug */,
				B33EBBB71A77FFE800DDFC43 /* Release */,
			);
			defaultConfigurationIsVisible = 0;
		};
		B33EBBB81A77FFE800DDFC43 /* Build configuration list for PBXNativeTarget "TenVeux2Tests" */ = {
			isa = XCConfigurationList;
			buildConfigurations = (
				B33EBBB91A77FFE800DDFC43 /* Debug */,
				B33EBBBA1A77FFE800DDFC43 /* Release */,
			);
			defaultConfigurationIsVisible = 0;
		};
/* End XCConfigurationList section */
	};
	rootObject = B33EBB8A1A77FFE800DDFC43 /* Project object */;
}
