// !$*UTF8*$!
{
	archiveVersion = 1;
	classes = {
	};
	objectVersion = 46;
	objects = {

/* Begin PBXBuildFile section */
		B300CEC51A93867000B0477D /* Cache.m in Sources */ = {isa = PBXBuildFile; fileRef = B300CEC41A93867000B0477D /* Cache.m */; };
		B3011E381A8531E000B72F73 /* ReceptionViewController.m in Sources */ = {isa = PBXBuildFile; fileRef = B3011E371A8531E000B72F73 /* ReceptionViewController.m */; };
		B3146B5B1A78026E0058A0B4 /* LoginViewController.m in Sources */ = {isa = PBXBuildFile; fileRef = B3146B5A1A78026E0058A0B4 /* LoginViewController.m */; };
		B3146B5F1A78041A0058A0B4 /* UserSession.m in Sources */ = {isa = PBXBuildFile; fileRef = B3146B5E1A78041A0058A0B4 /* UserSession.m */; };
		B3146B741A7804390058A0B4 /* AFHTTPRequestOperation.m in Sources */ = {isa = PBXBuildFile; fileRef = B3146B621A7804390058A0B4 /* AFHTTPRequestOperation.m */; };
		B3146B751A7804390058A0B4 /* AFHTTPRequestOperationManager.m in Sources */ = {isa = PBXBuildFile; fileRef = B3146B641A7804390058A0B4 /* AFHTTPRequestOperationManager.m */; };
		B3146B761A7804390058A0B4 /* AFHTTPSessionManager.m in Sources */ = {isa = PBXBuildFile; fileRef = B3146B661A7804390058A0B4 /* AFHTTPSessionManager.m */; };
		B3146B771A7804390058A0B4 /* AFNetworkReachabilityManager.m in Sources */ = {isa = PBXBuildFile; fileRef = B3146B691A7804390058A0B4 /* AFNetworkReachabilityManager.m */; };
		B3146B781A7804390058A0B4 /* AFSecurityPolicy.m in Sources */ = {isa = PBXBuildFile; fileRef = B3146B6B1A7804390058A0B4 /* AFSecurityPolicy.m */; };
		B3146B791A7804390058A0B4 /* AFURLConnectionOperation.m in Sources */ = {isa = PBXBuildFile; fileRef = B3146B6D1A7804390058A0B4 /* AFURLConnectionOperation.m */; };
		B3146B7A1A7804390058A0B4 /* AFURLRequestSerialization.m in Sources */ = {isa = PBXBuildFile; fileRef = B3146B6F1A7804390058A0B4 /* AFURLRequestSerialization.m */; };
		B3146B7B1A7804390058A0B4 /* AFURLResponseSerialization.m in Sources */ = {isa = PBXBuildFile; fileRef = B3146B711A7804390058A0B4 /* AFURLResponseSerialization.m */; };
		B3146B7C1A7804390058A0B4 /* AFURLSessionManager.m in Sources */ = {isa = PBXBuildFile; fileRef = B3146B731A7804390058A0B4 /* AFURLSessionManager.m */; };
		B3146B971A78043F0058A0B4 /* JSONModel.m in Sources */ = {isa = PBXBuildFile; fileRef = B3146B801A78043F0058A0B4 /* JSONModel.m */; };
		B3146B981A78043F0058A0B4 /* JSONModelArray.m in Sources */ = {isa = PBXBuildFile; fileRef = B3146B821A78043F0058A0B4 /* JSONModelArray.m */; };
		B3146B991A78043F0058A0B4 /* JSONModelClassProperty.m in Sources */ = {isa = PBXBuildFile; fileRef = B3146B841A78043F0058A0B4 /* JSONModelClassProperty.m */; };
		B3146B9A1A78043F0058A0B4 /* JSONModelError.m in Sources */ = {isa = PBXBuildFile; fileRef = B3146B861A78043F0058A0B4 /* JSONModelError.m */; };
		B3146B9B1A78043F0058A0B4 /* NSArray+JSONModel.m in Sources */ = {isa = PBXBuildFile; fileRef = B3146B891A78043F0058A0B4 /* NSArray+JSONModel.m */; };
		B3146B9C1A78043F0058A0B4 /* JSONAPI.m in Sources */ = {isa = PBXBuildFile; fileRef = B3146B8D1A78043F0058A0B4 /* JSONAPI.m */; };
		B3146B9D1A78043F0058A0B4 /* JSONHTTPClient.m in Sources */ = {isa = PBXBuildFile; fileRef = B3146B8F1A78043F0058A0B4 /* JSONHTTPClient.m */; };
		B3146B9E1A78043F0058A0B4 /* JSONModel+networking.m in Sources */ = {isa = PBXBuildFile; fileRef = B3146B911A78043F0058A0B4 /* JSONModel+networking.m */; };
		B3146B9F1A78043F0058A0B4 /* JSONKeyMapper.m in Sources */ = {isa = PBXBuildFile; fileRef = B3146B941A78043F0058A0B4 /* JSONKeyMapper.m */; };
		B3146BA01A78043F0058A0B4 /* JSONValueTransformer.m in Sources */ = {isa = PBXBuildFile; fileRef = B3146B961A78043F0058A0B4 /* JSONValueTransformer.m */; };
		B3146BA31A7805B40058A0B4 /* Api.m in Sources */ = {isa = PBXBuildFile; fileRef = B3146BA21A7805B40058A0B4 /* Api.m */; };
		B3146BA71A785B8C0058A0B4 /* CaptureViewController.m in Sources */ = {isa = PBXBuildFile; fileRef = B3146BA61A785B8C0058A0B4 /* CaptureViewController.m */; };
		B3146BAB1A785BC20058A0B4 /* SRBehavior.m in Sources */ = {isa = PBXBuildFile; fileRef = B3146BAA1A785BC20058A0B4 /* SRBehavior.m */; };
		B3146BAE1A785C720058A0B4 /* CameraPreviewBehavior.m in Sources */ = {isa = PBXBuildFile; fileRef = B3146BAD1A785C720058A0B4 /* CameraPreviewBehavior.m */; };
		B3146BB01A785D1C0058A0B4 /* AVFoundation.framework in Frameworks */ = {isa = PBXBuildFile; fileRef = B3146BAF1A785D1C0058A0B4 /* AVFoundation.framework */; };
		B3146BB21A78628D0058A0B4 /* AvenirNextLTPro-Regular.otf in Resources */ = {isa = PBXBuildFile; fileRef = B3146BB11A78628D0058A0B4 /* AvenirNextLTPro-Regular.otf */; };
		B320E0D11A79ABE700C576B9 /* ImageUploader.m in Sources */ = {isa = PBXBuildFile; fileRef = B320E0D01A79ABE700C576B9 /* ImageUploader.m */; };
		B32934AB1A8E05CE0032EA10 /* AnswerManager.m in Sources */ = {isa = PBXBuildFile; fileRef = B32934AA1A8E05CE0032EA10 /* AnswerManager.m */; };
		B330EBFA1A8CEEB6001B5819 /* AnswerViewController.m in Sources */ = {isa = PBXBuildFile; fileRef = B330EBF91A8CEEB6001B5819 /* AnswerViewController.m */; };
		B331F4111A7B9C41008C40EE /* UserManager.m in Sources */ = {isa = PBXBuildFile; fileRef = B331F4101A7B9C41008C40EE /* UserManager.m */; };
		B331F4131A7BA10C008C40EE /* Default-568h@2x.png in Resources */ = {isa = PBXBuildFile; fileRef = B331F4121A7BA10C008C40EE /* Default-568h@2x.png */; };
		B33C81241A7952AF00403E5F /* FriendPickerViewController.m in Sources */ = {isa = PBXBuildFile; fileRef = B33C81231A7952AF00403E5F /* FriendPickerViewController.m */; };
		B33EBB981A77FFE800DDFC43 /* main.m in Sources */ = {isa = PBXBuildFile; fileRef = B33EBB971A77FFE800DDFC43 /* main.m */; };
		B33EBB9B1A77FFE800DDFC43 /* AppDelegate.m in Sources */ = {isa = PBXBuildFile; fileRef = B33EBB9A1A77FFE800DDFC43 /* AppDelegate.m */; };
		B33EBBA11A77FFE800DDFC43 /* Main.storyboard in Resources */ = {isa = PBXBuildFile; fileRef = B33EBB9F1A77FFE800DDFC43 /* Main.storyboard */; };
		B33EBBA31A77FFE800DDFC43 /* Images.xcassets in Resources */ = {isa = PBXBuildFile; fileRef = B33EBBA21A77FFE800DDFC43 /* Images.xcassets */; };
		B33EBBA61A77FFE800DDFC43 /* LaunchScreen.xib in Resources */ = {isa = PBXBuildFile; fileRef = B33EBBA41A77FFE800DDFC43 /* LaunchScreen.xib */; };
		B33EBBB21A77FFE800DDFC43 /* VoilaTests.m in Sources */ = {isa = PBXBuildFile; fileRef = B33EBBB11A77FFE800DDFC43 /* VoilaTests.m */; };
		B36642061A8210D1006691F1 /* FriendListViewController.m in Sources */ = {isa = PBXBuildFile; fileRef = B36642051A8210D1006691F1 /* FriendListViewController.m */; };
		B36720D41A78FC3300E1F91D /* test_camera_bg.png in Resources */ = {isa = PBXBuildFile; fileRef = B36720D31A78FC3300E1F91D /* test_camera_bg.png */; };
		B36720D61A78FF8800E1F91D /* test_photo.png in Resources */ = {isa = PBXBuildFile; fileRef = B36720D51A78FF8800E1F91D /* test_photo.png */; };
		B36720DA1A7901A000E1F91D /* Proposition.m in Sources */ = {isa = PBXBuildFile; fileRef = B36720D91A7901A000E1F91D /* Proposition.m */; };
		B36720DD1A79233100E1F91D /* User.m in Sources */ = {isa = PBXBuildFile; fileRef = B36720DC1A79233100E1F91D /* User.m */; };
		B36720E11A79260400E1F91D /* PropositionManager.m in Sources */ = {isa = PBXBuildFile; fileRef = B36720E01A79260400E1F91D /* PropositionManager.m */; };
		B36720E41A79293A00E1F91D /* Answer.m in Sources */ = {isa = PBXBuildFile; fileRef = B36720E31A79293A00E1F91D /* Answer.m */; };
		B36FCC9B1A7D1E8A0092D643 /* MenuViewController.m in Sources */ = {isa = PBXBuildFile; fileRef = B36FCC9A1A7D1E8A0092D643 /* MenuViewController.m */; };
		B372A0CD1A97B3C4001CD23A /* UIImage+Tint.m in Sources */ = {isa = PBXBuildFile; fileRef = B372A0CC1A97B3C4001CD23A /* UIImage+Tint.m */; };
		B372A0D01A97B6B8001CD23A /* PlaygroundViewController.m in Sources */ = {isa = PBXBuildFile; fileRef = B372A0CF1A97B6B8001CD23A /* PlaygroundViewController.m */; };
		B3822E651A836E1B0066FDE4 /* SRUnderlinedLabel.m in Sources */ = {isa = PBXBuildFile; fileRef = B3822E641A836E1B0066FDE4 /* SRUnderlinedLabel.m */; };
		B38FC9081A8BBAA80004EDD3 /* ProfileViewController.m in Sources */ = {isa = PBXBuildFile; fileRef = B38FC9071A8BBAA80004EDD3 /* ProfileViewController.m */; };
		B38FC90B1A8BC2960004EDD3 /* SettingsViewController.m in Sources */ = {isa = PBXBuildFile; fileRef = B38FC90A1A8BC2960004EDD3 /* SettingsViewController.m */; };
		B3945B7C1A96B01300C2EF4A /* AvatarViewController.m in Sources */ = {isa = PBXBuildFile; fileRef = B3945B7B1A96B01300C2EF4A /* AvatarViewController.m */; };
		B396950A1A7A84280080D8DF /* CapturedImageViewController.m in Sources */ = {isa = PBXBuildFile; fileRef = B39695091A7A84280080D8DF /* CapturedImageViewController.m */; };
		B396950E1A7A90F60080D8DF /* FriendSwitch.m in Sources */ = {isa = PBXBuildFile; fileRef = B396950D1A7A90F60080D8DF /* FriendSwitch.m */; };
		B39695121A7AA18C0080D8DF /* NotificationStackViewController.m in Sources */ = {isa = PBXBuildFile; fileRef = B39695111A7AA18C0080D8DF /* NotificationStackViewController.m */; };
		B39695151A7AA2950080D8DF /* PendingPropositionViewController.m in Sources */ = {isa = PBXBuildFile; fileRef = B39695141A7AA2950080D8DF /* PendingPropositionViewController.m */; };
		B3A017BD1A97364B0002611F /* OutboxManager.m in Sources */ = {isa = PBXBuildFile; fileRef = B3A017BC1A97364B0002611F /* OutboxManager.m */; };
		B3A017C01A973D330002611F /* HistoryViewController.m in Sources */ = {isa = PBXBuildFile; fileRef = B3A017BF1A973D330002611F /* HistoryViewController.m */; };
		B3A204681A97B2A70093052A /* loader.pkai in Resources */ = {isa = PBXBuildFile; fileRef = B3A204671A97B2A70093052A /* loader.pkai */; };
		B3A2046B1A97B2D80093052A /* PKAIDecoder.m in Sources */ = {isa = PBXBuildFile; fileRef = B3A2046A1A97B2D80093052A /* PKAIDecoder.m */; };
		B3A2046E1A97B2F60093052A /* LaunchScreenView.m in Sources */ = {isa = PBXBuildFile; fileRef = B3A2046D1A97B2F60093052A /* LaunchScreenView.m */; };
		B3A4CDCA1AA74E650079F8D1 /* AppIcon.png in Resources */ = {isa = PBXBuildFile; fileRef = B3A4CDC91AA74E650079F8D1 /* AppIcon.png */; };
		B3D401441A8438FE004451B4 /* MKAnnotationView+WebCache.m in Sources */ = {isa = PBXBuildFile; fileRef = B3D401241A8438FE004451B4 /* MKAnnotationView+WebCache.m */; };
		B3D401451A8438FE004451B4 /* NSData+ImageContentType.m in Sources */ = {isa = PBXBuildFile; fileRef = B3D401261A8438FE004451B4 /* NSData+ImageContentType.m */; };
		B3D401461A8438FE004451B4 /* SDImageCache.m in Sources */ = {isa = PBXBuildFile; fileRef = B3D401281A8438FE004451B4 /* SDImageCache.m */; };
		B3D401471A8438FE004451B4 /* SDWebImageCompat.m in Sources */ = {isa = PBXBuildFile; fileRef = B3D4012A1A8438FE004451B4 /* SDWebImageCompat.m */; };
		B3D401481A8438FE004451B4 /* SDWebImageDecoder.m in Sources */ = {isa = PBXBuildFile; fileRef = B3D4012C1A8438FE004451B4 /* SDWebImageDecoder.m */; };
		B3D401491A8438FE004451B4 /* SDWebImageDownloader.m in Sources */ = {isa = PBXBuildFile; fileRef = B3D4012E1A8438FE004451B4 /* SDWebImageDownloader.m */; };
		B3D4014A1A8438FE004451B4 /* SDWebImageDownloaderOperation.m in Sources */ = {isa = PBXBuildFile; fileRef = B3D401301A8438FE004451B4 /* SDWebImageDownloaderOperation.m */; };
		B3D4014B1A8438FE004451B4 /* SDWebImageManager.m in Sources */ = {isa = PBXBuildFile; fileRef = B3D401321A8438FE004451B4 /* SDWebImageManager.m */; };
		B3D4014C1A8438FE004451B4 /* SDWebImagePrefetcher.m in Sources */ = {isa = PBXBuildFile; fileRef = B3D401351A8438FE004451B4 /* SDWebImagePrefetcher.m */; };
		B3D4014D1A8438FE004451B4 /* UIButton+WebCache.m in Sources */ = {isa = PBXBuildFile; fileRef = B3D401371A8438FE004451B4 /* UIButton+WebCache.m */; };
		B3D4014E1A8438FE004451B4 /* UIImage+GIF.m in Sources */ = {isa = PBXBuildFile; fileRef = B3D401391A8438FE004451B4 /* UIImage+GIF.m */; };
		B3D4014F1A8438FE004451B4 /* UIImage+MultiFormat.m in Sources */ = {isa = PBXBuildFile; fileRef = B3D4013B1A8438FE004451B4 /* UIImage+MultiFormat.m */; };
		B3D401501A8438FE004451B4 /* UIImage+WebP.m in Sources */ = {isa = PBXBuildFile; fileRef = B3D4013D1A8438FE004451B4 /* UIImage+WebP.m */; };
		B3D401511A8438FE004451B4 /* UIImageView+HighlightedWebCache.m in Sources */ = {isa = PBXBuildFile; fileRef = B3D4013F1A8438FE004451B4 /* UIImageView+HighlightedWebCache.m */; };
		B3D401521A8438FE004451B4 /* UIImageView+WebCache.m in Sources */ = {isa = PBXBuildFile; fileRef = B3D401411A8438FE004451B4 /* UIImageView+WebCache.m */; };
		B3D401531A8438FE004451B4 /* UIView+WebCacheOperation.m in Sources */ = {isa = PBXBuildFile; fileRef = B3D401431A8438FE004451B4 /* UIView+WebCacheOperation.m */; };
		B3E5D5C21A7AFCE90096938B /* SansitaOne.ttf in Resources */ = {isa = PBXBuildFile; fileRef = B3E5D5C11A7AFCE90096938B /* SansitaOne.ttf */; };
		B3F6F6941A7BA4F8002B00CA /* Sending.xib in Resources */ = {isa = PBXBuildFile; fileRef = B3F6F6931A7BA4F8002B00CA /* Sending.xib */; };
		B3F6F6971A7BA621002B00CA /* ChoiceSlider.m in Sources */ = {isa = PBXBuildFile; fileRef = B3F6F6961A7BA621002B00CA /* ChoiceSlider.m */; };
		B3F6F69A1A7BD8AC002B00CA /* UIView+draggable.m in Sources */ = {isa = PBXBuildFile; fileRef = B3F6F6991A7BD8AC002B00CA /* UIView+draggable.m */; };
		B3F6F69E1A7BDA65002B00CA /* SliderDiamond.m in Sources */ = {isa = PBXBuildFile; fileRef = B3F6F69D1A7BDA65002B00CA /* SliderDiamond.m */; };
		B3F70AE21A83C82900491A59 /* AwaitingFriendsViewController.m in Sources */ = {isa = PBXBuildFile; fileRef = B3F70AE11A83C82900491A59 /* AwaitingFriendsViewController.m */; };
		B3F70AE51A83CB9400491A59 /* AddFriendViewController.m in Sources */ = {isa = PBXBuildFile; fileRef = B3F70AE41A83CB9400491A59 /* AddFriendViewController.m */; };
		B3FA29AF1A880A2A007AB5F9 /* SignUpViewController.m in Sources */ = {isa = PBXBuildFile; fileRef = B3FA29AE1A880A2A007AB5F9 /* SignUpViewController.m */; };
/* End PBXBuildFile section */

/* Begin PBXContainerItemProxy section */
		B33EBBAC1A77FFE800DDFC43 /* PBXContainerItemProxy */ = {
			isa = PBXContainerItemProxy;
			containerPortal = B33EBB8A1A77FFE800DDFC43 /* Project object */;
			proxyType = 1;
			remoteGlobalIDString = B33EBB911A77FFE800DDFC43;
			remoteInfo = Voila;
		};
/* End PBXContainerItemProxy section */

/* Begin PBXFileReference section */
		B300CEC31A93867000B0477D /* Cache.h */ = {isa = PBXFileReference; fileEncoding = 4; lastKnownFileType = sourcecode.c.h; path = Cache.h; sourceTree = "<group>"; };
		B300CEC41A93867000B0477D /* Cache.m */ = {isa = PBXFileReference; fileEncoding = 4; lastKnownFileType = sourcecode.c.objc; path = Cache.m; sourceTree = "<group>"; };
		B3011E361A8531E000B72F73 /* ReceptionViewController.h */ = {isa = PBXFileReference; fileEncoding = 4; lastKnownFileType = sourcecode.c.h; path = ReceptionViewController.h; sourceTree = "<group>"; };
		B3011E371A8531E000B72F73 /* ReceptionViewController.m */ = {isa = PBXFileReference; fileEncoding = 4; lastKnownFileType = sourcecode.c.objc; path = ReceptionViewController.m; sourceTree = "<group>"; };
		B3146B591A78026E0058A0B4 /* LoginViewController.h */ = {isa = PBXFileReference; fileEncoding = 4; lastKnownFileType = sourcecode.c.h; path = LoginViewController.h; sourceTree = "<group>"; };
		B3146B5A1A78026E0058A0B4 /* LoginViewController.m */ = {isa = PBXFileReference; fileEncoding = 4; lastKnownFileType = sourcecode.c.objc; path = LoginViewController.m; sourceTree = "<group>"; };
		B3146B5D1A78041A0058A0B4 /* UserSession.h */ = {isa = PBXFileReference; fileEncoding = 4; lastKnownFileType = sourcecode.c.h; path = UserSession.h; sourceTree = "<group>"; };
		B3146B5E1A78041A0058A0B4 /* UserSession.m */ = {isa = PBXFileReference; fileEncoding = 4; lastKnownFileType = sourcecode.c.objc; path = UserSession.m; sourceTree = "<group>"; };
		B3146B611A7804390058A0B4 /* AFHTTPRequestOperation.h */ = {isa = PBXFileReference; fileEncoding = 4; lastKnownFileType = sourcecode.c.h; path = AFHTTPRequestOperation.h; sourceTree = "<group>"; };
		B3146B621A7804390058A0B4 /* AFHTTPRequestOperation.m */ = {isa = PBXFileReference; fileEncoding = 4; lastKnownFileType = sourcecode.c.objc; path = AFHTTPRequestOperation.m; sourceTree = "<group>"; };
		B3146B631A7804390058A0B4 /* AFHTTPRequestOperationManager.h */ = {isa = PBXFileReference; fileEncoding = 4; lastKnownFileType = sourcecode.c.h; path = AFHTTPRequestOperationManager.h; sourceTree = "<group>"; };
		B3146B641A7804390058A0B4 /* AFHTTPRequestOperationManager.m */ = {isa = PBXFileReference; fileEncoding = 4; lastKnownFileType = sourcecode.c.objc; path = AFHTTPRequestOperationManager.m; sourceTree = "<group>"; };
		B3146B651A7804390058A0B4 /* AFHTTPSessionManager.h */ = {isa = PBXFileReference; fileEncoding = 4; lastKnownFileType = sourcecode.c.h; path = AFHTTPSessionManager.h; sourceTree = "<group>"; };
		B3146B661A7804390058A0B4 /* AFHTTPSessionManager.m */ = {isa = PBXFileReference; fileEncoding = 4; lastKnownFileType = sourcecode.c.objc; path = AFHTTPSessionManager.m; sourceTree = "<group>"; };
		B3146B671A7804390058A0B4 /* AFNetworking.h */ = {isa = PBXFileReference; fileEncoding = 4; lastKnownFileType = sourcecode.c.h; path = AFNetworking.h; sourceTree = "<group>"; };
		B3146B681A7804390058A0B4 /* AFNetworkReachabilityManager.h */ = {isa = PBXFileReference; fileEncoding = 4; lastKnownFileType = sourcecode.c.h; path = AFNetworkReachabilityManager.h; sourceTree = "<group>"; };
		B3146B691A7804390058A0B4 /* AFNetworkReachabilityManager.m */ = {isa = PBXFileReference; fileEncoding = 4; lastKnownFileType = sourcecode.c.objc; path = AFNetworkReachabilityManager.m; sourceTree = "<group>"; };
		B3146B6A1A7804390058A0B4 /* AFSecurityPolicy.h */ = {isa = PBXFileReference; fileEncoding = 4; lastKnownFileType = sourcecode.c.h; path = AFSecurityPolicy.h; sourceTree = "<group>"; };
		B3146B6B1A7804390058A0B4 /* AFSecurityPolicy.m */ = {isa = PBXFileReference; fileEncoding = 4; lastKnownFileType = sourcecode.c.objc; path = AFSecurityPolicy.m; sourceTree = "<group>"; };
		B3146B6C1A7804390058A0B4 /* AFURLConnectionOperation.h */ = {isa = PBXFileReference; fileEncoding = 4; lastKnownFileType = sourcecode.c.h; path = AFURLConnectionOperation.h; sourceTree = "<group>"; };
		B3146B6D1A7804390058A0B4 /* AFURLConnectionOperation.m */ = {isa = PBXFileReference; fileEncoding = 4; lastKnownFileType = sourcecode.c.objc; path = AFURLConnectionOperation.m; sourceTree = "<group>"; };
		B3146B6E1A7804390058A0B4 /* AFURLRequestSerialization.h */ = {isa = PBXFileReference; fileEncoding = 4; lastKnownFileType = sourcecode.c.h; path = AFURLRequestSerialization.h; sourceTree = "<group>"; };
		B3146B6F1A7804390058A0B4 /* AFURLRequestSerialization.m */ = {isa = PBXFileReference; fileEncoding = 4; lastKnownFileType = sourcecode.c.objc; path = AFURLRequestSerialization.m; sourceTree = "<group>"; };
		B3146B701A7804390058A0B4 /* AFURLResponseSerialization.h */ = {isa = PBXFileReference; fileEncoding = 4; lastKnownFileType = sourcecode.c.h; path = AFURLResponseSerialization.h; sourceTree = "<group>"; };
		B3146B711A7804390058A0B4 /* AFURLResponseSerialization.m */ = {isa = PBXFileReference; fileEncoding = 4; lastKnownFileType = sourcecode.c.objc; path = AFURLResponseSerialization.m; sourceTree = "<group>"; };
		B3146B721A7804390058A0B4 /* AFURLSessionManager.h */ = {isa = PBXFileReference; fileEncoding = 4; lastKnownFileType = sourcecode.c.h; path = AFURLSessionManager.h; sourceTree = "<group>"; };
		B3146B731A7804390058A0B4 /* AFURLSessionManager.m */ = {isa = PBXFileReference; fileEncoding = 4; lastKnownFileType = sourcecode.c.objc; path = AFURLSessionManager.m; sourceTree = "<group>"; };
		B3146B7F1A78043F0058A0B4 /* JSONModel.h */ = {isa = PBXFileReference; fileEncoding = 4; lastKnownFileType = sourcecode.c.h; path = JSONModel.h; sourceTree = "<group>"; };
		B3146B801A78043F0058A0B4 /* JSONModel.m */ = {isa = PBXFileReference; fileEncoding = 4; lastKnownFileType = sourcecode.c.objc; path = JSONModel.m; sourceTree = "<group>"; };
		B3146B811A78043F0058A0B4 /* JSONModelArray.h */ = {isa = PBXFileReference; fileEncoding = 4; lastKnownFileType = sourcecode.c.h; path = JSONModelArray.h; sourceTree = "<group>"; };
		B3146B821A78043F0058A0B4 /* JSONModelArray.m */ = {isa = PBXFileReference; fileEncoding = 4; lastKnownFileType = sourcecode.c.objc; path = JSONModelArray.m; sourceTree = "<group>"; };
		B3146B831A78043F0058A0B4 /* JSONModelClassProperty.h */ = {isa = PBXFileReference; fileEncoding = 4; lastKnownFileType = sourcecode.c.h; path = JSONModelClassProperty.h; sourceTree = "<group>"; };
		B3146B841A78043F0058A0B4 /* JSONModelClassProperty.m */ = {isa = PBXFileReference; fileEncoding = 4; lastKnownFileType = sourcecode.c.objc; path = JSONModelClassProperty.m; sourceTree = "<group>"; };
		B3146B851A78043F0058A0B4 /* JSONModelError.h */ = {isa = PBXFileReference; fileEncoding = 4; lastKnownFileType = sourcecode.c.h; path = JSONModelError.h; sourceTree = "<group>"; };
		B3146B861A78043F0058A0B4 /* JSONModelError.m */ = {isa = PBXFileReference; fileEncoding = 4; lastKnownFileType = sourcecode.c.objc; path = JSONModelError.m; sourceTree = "<group>"; };
		B3146B881A78043F0058A0B4 /* NSArray+JSONModel.h */ = {isa = PBXFileReference; fileEncoding = 4; lastKnownFileType = sourcecode.c.h; path = "NSArray+JSONModel.h"; sourceTree = "<group>"; };
		B3146B891A78043F0058A0B4 /* NSArray+JSONModel.m */ = {isa = PBXFileReference; fileEncoding = 4; lastKnownFileType = sourcecode.c.objc; path = "NSArray+JSONModel.m"; sourceTree = "<group>"; };
		B3146B8A1A78043F0058A0B4 /* JSONModelLib.h */ = {isa = PBXFileReference; fileEncoding = 4; lastKnownFileType = sourcecode.c.h; path = JSONModelLib.h; sourceTree = "<group>"; };
		B3146B8C1A78043F0058A0B4 /* JSONAPI.h */ = {isa = PBXFileReference; fileEncoding = 4; lastKnownFileType = sourcecode.c.h; path = JSONAPI.h; sourceTree = "<group>"; };
		B3146B8D1A78043F0058A0B4 /* JSONAPI.m */ = {isa = PBXFileReference; fileEncoding = 4; lastKnownFileType = sourcecode.c.objc; path = JSONAPI.m; sourceTree = "<group>"; };
		B3146B8E1A78043F0058A0B4 /* JSONHTTPClient.h */ = {isa = PBXFileReference; fileEncoding = 4; lastKnownFileType = sourcecode.c.h; path = JSONHTTPClient.h; sourceTree = "<group>"; };
		B3146B8F1A78043F0058A0B4 /* JSONHTTPClient.m */ = {isa = PBXFileReference; fileEncoding = 4; lastKnownFileType = sourcecode.c.objc; path = JSONHTTPClient.m; sourceTree = "<group>"; };
		B3146B901A78043F0058A0B4 /* JSONModel+networking.h */ = {isa = PBXFileReference; fileEncoding = 4; lastKnownFileType = sourcecode.c.h; path = "JSONModel+networking.h"; sourceTree = "<group>"; };
		B3146B911A78043F0058A0B4 /* JSONModel+networking.m */ = {isa = PBXFileReference; fileEncoding = 4; lastKnownFileType = sourcecode.c.objc; path = "JSONModel+networking.m"; sourceTree = "<group>"; };
		B3146B931A78043F0058A0B4 /* JSONKeyMapper.h */ = {isa = PBXFileReference; fileEncoding = 4; lastKnownFileType = sourcecode.c.h; path = JSONKeyMapper.h; sourceTree = "<group>"; };
		B3146B941A78043F0058A0B4 /* JSONKeyMapper.m */ = {isa = PBXFileReference; fileEncoding = 4; lastKnownFileType = sourcecode.c.objc; path = JSONKeyMapper.m; sourceTree = "<group>"; };
		B3146B951A78043F0058A0B4 /* JSONValueTransformer.h */ = {isa = PBXFileReference; fileEncoding = 4; lastKnownFileType = sourcecode.c.h; path = JSONValueTransformer.h; sourceTree = "<group>"; };
		B3146B961A78043F0058A0B4 /* JSONValueTransformer.m */ = {isa = PBXFileReference; fileEncoding = 4; lastKnownFileType = sourcecode.c.objc; path = JSONValueTransformer.m; sourceTree = "<group>"; };
		B3146BA11A7805B40058A0B4 /* Api.h */ = {isa = PBXFileReference; fileEncoding = 4; lastKnownFileType = sourcecode.c.h; path = Api.h; sourceTree = "<group>"; };
		B3146BA21A7805B40058A0B4 /* Api.m */ = {isa = PBXFileReference; fileEncoding = 4; lastKnownFileType = sourcecode.c.objc; path = Api.m; sourceTree = "<group>"; };
		B3146BA41A7806000058A0B4 /* Configuration.h */ = {isa = PBXFileReference; lastKnownFileType = sourcecode.c.h; path = Configuration.h; sourceTree = "<group>"; };
		B3146BA51A785B8C0058A0B4 /* CaptureViewController.h */ = {isa = PBXFileReference; fileEncoding = 4; lastKnownFileType = sourcecode.c.h; path = CaptureViewController.h; sourceTree = "<group>"; };
		B3146BA61A785B8C0058A0B4 /* CaptureViewController.m */ = {isa = PBXFileReference; fileEncoding = 4; lastKnownFileType = sourcecode.c.objc; path = CaptureViewController.m; sourceTree = "<group>"; };
		B3146BA91A785BC20058A0B4 /* SRBehavior.h */ = {isa = PBXFileReference; fileEncoding = 4; lastKnownFileType = sourcecode.c.h; path = SRBehavior.h; sourceTree = "<group>"; };
		B3146BAA1A785BC20058A0B4 /* SRBehavior.m */ = {isa = PBXFileReference; fileEncoding = 4; lastKnownFileType = sourcecode.c.objc; path = SRBehavior.m; sourceTree = "<group>"; };
		B3146BAC1A785C720058A0B4 /* CameraPreviewBehavior.h */ = {isa = PBXFileReference; fileEncoding = 4; lastKnownFileType = sourcecode.c.h; path = CameraPreviewBehavior.h; sourceTree = "<group>"; };
		B3146BAD1A785C720058A0B4 /* CameraPreviewBehavior.m */ = {isa = PBXFileReference; fileEncoding = 4; lastKnownFileType = sourcecode.c.objc; path = CameraPreviewBehavior.m; sourceTree = "<group>"; };
		B3146BAF1A785D1C0058A0B4 /* AVFoundation.framework */ = {isa = PBXFileReference; lastKnownFileType = wrapper.framework; name = AVFoundation.framework; path = System/Library/Frameworks/AVFoundation.framework; sourceTree = SDKROOT; };
		B3146BB11A78628D0058A0B4 /* AvenirNextLTPro-Regular.otf */ = {isa = PBXFileReference; lastKnownFileType = file; path = "AvenirNextLTPro-Regular.otf"; sourceTree = "<group>"; };
		B320E0CF1A79ABE700C576B9 /* ImageUploader.h */ = {isa = PBXFileReference; fileEncoding = 4; lastKnownFileType = sourcecode.c.h; path = ImageUploader.h; sourceTree = "<group>"; };
		B320E0D01A79ABE700C576B9 /* ImageUploader.m */ = {isa = PBXFileReference; fileEncoding = 4; lastKnownFileType = sourcecode.c.objc; path = ImageUploader.m; sourceTree = "<group>"; };
		B32934A91A8E05CE0032EA10 /* AnswerManager.h */ = {isa = PBXFileReference; fileEncoding = 4; lastKnownFileType = sourcecode.c.h; path = AnswerManager.h; sourceTree = "<group>"; };
		B32934AA1A8E05CE0032EA10 /* AnswerManager.m */ = {isa = PBXFileReference; fileEncoding = 4; lastKnownFileType = sourcecode.c.objc; path = AnswerManager.m; sourceTree = "<group>"; };
		B330EBF81A8CEEB6001B5819 /* AnswerViewController.h */ = {isa = PBXFileReference; fileEncoding = 4; lastKnownFileType = sourcecode.c.h; path = AnswerViewController.h; sourceTree = "<group>"; };
		B330EBF91A8CEEB6001B5819 /* AnswerViewController.m */ = {isa = PBXFileReference; fileEncoding = 4; lastKnownFileType = sourcecode.c.objc; path = AnswerViewController.m; sourceTree = "<group>"; };
		B331F40F1A7B9C41008C40EE /* UserManager.h */ = {isa = PBXFileReference; fileEncoding = 4; lastKnownFileType = sourcecode.c.h; path = UserManager.h; sourceTree = "<group>"; };
		B331F4101A7B9C41008C40EE /* UserManager.m */ = {isa = PBXFileReference; fileEncoding = 4; lastKnownFileType = sourcecode.c.objc; path = UserManager.m; sourceTree = "<group>"; };
		B331F4121A7BA10C008C40EE /* Default-568h@2x.png */ = {isa = PBXFileReference; lastKnownFileType = image.png; path = "Default-568h@2x.png"; sourceTree = "<group>"; };
		B33C81221A7952AF00403E5F /* FriendPickerViewController.h */ = {isa = PBXFileReference; fileEncoding = 4; lastKnownFileType = sourcecode.c.h; path = FriendPickerViewController.h; sourceTree = "<group>"; };
		B33C81231A7952AF00403E5F /* FriendPickerViewController.m */ = {isa = PBXFileReference; fileEncoding = 4; lastKnownFileType = sourcecode.c.objc; path = FriendPickerViewController.m; sourceTree = "<group>"; };
		B33EBB921A77FFE800DDFC43 /* Voila.app */ = {isa = PBXFileReference; explicitFileType = wrapper.application; includeInIndex = 0; path = Voila.app; sourceTree = BUILT_PRODUCTS_DIR; };
		B33EBB961A77FFE800DDFC43 /* Info.plist */ = {isa = PBXFileReference; lastKnownFileType = text.plist.xml; path = Info.plist; sourceTree = "<group>"; };
		B33EBB971A77FFE800DDFC43 /* main.m */ = {isa = PBXFileReference; lastKnownFileType = sourcecode.c.objc; path = main.m; sourceTree = "<group>"; };
		B33EBB991A77FFE800DDFC43 /* AppDelegate.h */ = {isa = PBXFileReference; lastKnownFileType = sourcecode.c.h; path = AppDelegate.h; sourceTree = "<group>"; };
		B33EBB9A1A77FFE800DDFC43 /* AppDelegate.m */ = {isa = PBXFileReference; lastKnownFileType = sourcecode.c.objc; path = AppDelegate.m; sourceTree = "<group>"; };
		B33EBBA01A77FFE800DDFC43 /* Base */ = {isa = PBXFileReference; lastKnownFileType = file.storyboard; name = Base; path = Base.lproj/Main.storyboard; sourceTree = "<group>"; };
		B33EBBA21A77FFE800DDFC43 /* Images.xcassets */ = {isa = PBXFileReference; lastKnownFileType = folder.assetcatalog; path = Images.xcassets; sourceTree = "<group>"; };
		B33EBBA51A77FFE800DDFC43 /* Base */ = {isa = PBXFileReference; lastKnownFileType = file.xib; name = Base; path = Base.lproj/LaunchScreen.xib; sourceTree = "<group>"; };
		B33EBBAB1A77FFE800DDFC43 /* VoilaTests.xctest */ = {isa = PBXFileReference; explicitFileType = wrapper.cfbundle; includeInIndex = 0; path = VoilaTests.xctest; sourceTree = BUILT_PRODUCTS_DIR; };
		B33EBBB01A77FFE800DDFC43 /* Info.plist */ = {isa = PBXFileReference; lastKnownFileType = text.plist.xml; path = Info.plist; sourceTree = "<group>"; };
		B33EBBB11A77FFE800DDFC43 /* VoilaTests.m */ = {isa = PBXFileReference; lastKnownFileType = sourcecode.c.objc; path = VoilaTests.m; sourceTree = "<group>"; };
		B36642041A8210D1006691F1 /* FriendListViewController.h */ = {isa = PBXFileReference; fileEncoding = 4; lastKnownFileType = sourcecode.c.h; path = FriendListViewController.h; sourceTree = "<group>"; };
		B36642051A8210D1006691F1 /* FriendListViewController.m */ = {isa = PBXFileReference; fileEncoding = 4; lastKnownFileType = sourcecode.c.objc; path = FriendListViewController.m; sourceTree = "<group>"; };
		B36720D31A78FC3300E1F91D /* test_camera_bg.png */ = {isa = PBXFileReference; lastKnownFileType = image.png; path = test_camera_bg.png; sourceTree = "<group>"; };
		B36720D51A78FF8800E1F91D /* test_photo.png */ = {isa = PBXFileReference; lastKnownFileType = image.png; path = test_photo.png; sourceTree = "<group>"; };
		B36720D81A7901A000E1F91D /* Proposition.h */ = {isa = PBXFileReference; fileEncoding = 4; lastKnownFileType = sourcecode.c.h; path = Proposition.h; sourceTree = "<group>"; };
		B36720D91A7901A000E1F91D /* Proposition.m */ = {isa = PBXFileReference; fileEncoding = 4; lastKnownFileType = sourcecode.c.objc; path = Proposition.m; sourceTree = "<group>"; };
		B36720DB1A79233100E1F91D /* User.h */ = {isa = PBXFileReference; fileEncoding = 4; lastKnownFileType = sourcecode.c.h; path = User.h; sourceTree = "<group>"; };
		B36720DC1A79233100E1F91D /* User.m */ = {isa = PBXFileReference; fileEncoding = 4; lastKnownFileType = sourcecode.c.objc; path = User.m; sourceTree = "<group>"; };
		B36720DF1A79260400E1F91D /* PropositionManager.h */ = {isa = PBXFileReference; fileEncoding = 4; lastKnownFileType = sourcecode.c.h; path = PropositionManager.h; sourceTree = "<group>"; };
		B36720E01A79260400E1F91D /* PropositionManager.m */ = {isa = PBXFileReference; fileEncoding = 4; lastKnownFileType = sourcecode.c.objc; path = PropositionManager.m; sourceTree = "<group>"; };
		B36720E21A79293A00E1F91D /* Answer.h */ = {isa = PBXFileReference; fileEncoding = 4; lastKnownFileType = sourcecode.c.h; path = Answer.h; sourceTree = "<group>"; };
		B36720E31A79293A00E1F91D /* Answer.m */ = {isa = PBXFileReference; fileEncoding = 4; lastKnownFileType = sourcecode.c.objc; path = Answer.m; sourceTree = "<group>"; };
		B36FCC991A7D1E8A0092D643 /* MenuViewController.h */ = {isa = PBXFileReference; fileEncoding = 4; lastKnownFileType = sourcecode.c.h; path = MenuViewController.h; sourceTree = "<group>"; };
		B36FCC9A1A7D1E8A0092D643 /* MenuViewController.m */ = {isa = PBXFileReference; fileEncoding = 4; lastKnownFileType = sourcecode.c.objc; path = MenuViewController.m; sourceTree = "<group>"; };
		B372A0CB1A97B3C4001CD23A /* UIImage+Tint.h */ = {isa = PBXFileReference; fileEncoding = 4; lastKnownFileType = sourcecode.c.h; path = "UIImage+Tint.h"; sourceTree = "<group>"; };
		B372A0CC1A97B3C4001CD23A /* UIImage+Tint.m */ = {isa = PBXFileReference; fileEncoding = 4; lastKnownFileType = sourcecode.c.objc; path = "UIImage+Tint.m"; sourceTree = "<group>"; };
		B372A0CE1A97B6B8001CD23A /* PlaygroundViewController.h */ = {isa = PBXFileReference; fileEncoding = 4; lastKnownFileType = sourcecode.c.h; path = PlaygroundViewController.h; sourceTree = "<group>"; };
		B372A0CF1A97B6B8001CD23A /* PlaygroundViewController.m */ = {isa = PBXFileReference; fileEncoding = 4; lastKnownFileType = sourcecode.c.objc; path = PlaygroundViewController.m; sourceTree = "<group>"; };
		B3822E631A836E1B0066FDE4 /* SRUnderlinedLabel.h */ = {isa = PBXFileReference; fileEncoding = 4; lastKnownFileType = sourcecode.c.h; path = SRUnderlinedLabel.h; sourceTree = "<group>"; };
		B3822E641A836E1B0066FDE4 /* SRUnderlinedLabel.m */ = {isa = PBXFileReference; fileEncoding = 4; lastKnownFileType = sourcecode.c.objc; path = SRUnderlinedLabel.m; sourceTree = "<group>"; };
		B38FC9061A8BBAA80004EDD3 /* ProfileViewController.h */ = {isa = PBXFileReference; fileEncoding = 4; lastKnownFileType = sourcecode.c.h; path = ProfileViewController.h; sourceTree = "<group>"; };
		B38FC9071A8BBAA80004EDD3 /* ProfileViewController.m */ = {isa = PBXFileReference; fileEncoding = 4; lastKnownFileType = sourcecode.c.objc; path = ProfileViewController.m; sourceTree = "<group>"; };
		B38FC9091A8BC2960004EDD3 /* SettingsViewController.h */ = {isa = PBXFileReference; fileEncoding = 4; lastKnownFileType = sourcecode.c.h; path = SettingsViewController.h; sourceTree = "<group>"; };
		B38FC90A1A8BC2960004EDD3 /* SettingsViewController.m */ = {isa = PBXFileReference; fileEncoding = 4; lastKnownFileType = sourcecode.c.objc; path = SettingsViewController.m; sourceTree = "<group>"; };
		B3945B7A1A96B01300C2EF4A /* AvatarViewController.h */ = {isa = PBXFileReference; fileEncoding = 4; lastKnownFileType = sourcecode.c.h; path = AvatarViewController.h; sourceTree = "<group>"; };
		B3945B7B1A96B01300C2EF4A /* AvatarViewController.m */ = {isa = PBXFileReference; fileEncoding = 4; lastKnownFileType = sourcecode.c.objc; path = AvatarViewController.m; sourceTree = "<group>"; };
		B39695081A7A84280080D8DF /* CapturedImageViewController.h */ = {isa = PBXFileReference; fileEncoding = 4; lastKnownFileType = sourcecode.c.h; path = CapturedImageViewController.h; sourceTree = "<group>"; };
		B39695091A7A84280080D8DF /* CapturedImageViewController.m */ = {isa = PBXFileReference; fileEncoding = 4; lastKnownFileType = sourcecode.c.objc; path = CapturedImageViewController.m; sourceTree = "<group>"; };
		B396950C1A7A90F60080D8DF /* FriendSwitch.h */ = {isa = PBXFileReference; fileEncoding = 4; lastKnownFileType = sourcecode.c.h; path = FriendSwitch.h; sourceTree = "<group>"; };
		B396950D1A7A90F60080D8DF /* FriendSwitch.m */ = {isa = PBXFileReference; fileEncoding = 4; lastKnownFileType = sourcecode.c.objc; path = FriendSwitch.m; sourceTree = "<group>"; };
		B39695101A7AA18C0080D8DF /* NotificationStackViewController.h */ = {isa = PBXFileReference; fileEncoding = 4; lastKnownFileType = sourcecode.c.h; path = NotificationStackViewController.h; sourceTree = "<group>"; };
		B39695111A7AA18C0080D8DF /* NotificationStackViewController.m */ = {isa = PBXFileReference; fileEncoding = 4; lastKnownFileType = sourcecode.c.objc; path = NotificationStackViewController.m; sourceTree = "<group>"; };
		B39695131A7AA2950080D8DF /* PendingPropositionViewController.h */ = {isa = PBXFileReference; fileEncoding = 4; lastKnownFileType = sourcecode.c.h; path = PendingPropositionViewController.h; sourceTree = "<group>"; };
		B39695141A7AA2950080D8DF /* PendingPropositionViewController.m */ = {isa = PBXFileReference; fileEncoding = 4; lastKnownFileType = sourcecode.c.objc; path = PendingPropositionViewController.m; sourceTree = "<group>"; };
		B3A017BB1A97364B0002611F /* OutboxManager.h */ = {isa = PBXFileReference; fileEncoding = 4; lastKnownFileType = sourcecode.c.h; path = OutboxManager.h; sourceTree = "<group>"; };
		B3A017BC1A97364B0002611F /* OutboxManager.m */ = {isa = PBXFileReference; fileEncoding = 4; lastKnownFileType = sourcecode.c.objc; path = OutboxManager.m; sourceTree = "<group>"; };
		B3A017BE1A973D330002611F /* HistoryViewController.h */ = {isa = PBXFileReference; fileEncoding = 4; lastKnownFileType = sourcecode.c.h; path = HistoryViewController.h; sourceTree = "<group>"; };
		B3A017BF1A973D330002611F /* HistoryViewController.m */ = {isa = PBXFileReference; fileEncoding = 4; lastKnownFileType = sourcecode.c.objc; path = HistoryViewController.m; sourceTree = "<group>"; };
		B3A204671A97B2A70093052A /* loader.pkai */ = {isa = PBXFileReference; fileEncoding = 4; lastKnownFileType = text; path = loader.pkai; sourceTree = "<group>"; };
		B3A204691A97B2D80093052A /* PKAIDecoder.h */ = {isa = PBXFileReference; fileEncoding = 4; lastKnownFileType = sourcecode.c.h; path = PKAIDecoder.h; sourceTree = "<group>"; };
		B3A2046A1A97B2D80093052A /* PKAIDecoder.m */ = {isa = PBXFileReference; fileEncoding = 4; lastKnownFileType = sourcecode.c.objc; path = PKAIDecoder.m; sourceTree = "<group>"; };
		B3A2046C1A97B2F60093052A /* LaunchScreenView.h */ = {isa = PBXFileReference; fileEncoding = 4; lastKnownFileType = sourcecode.c.h; path = LaunchScreenView.h; sourceTree = "<group>"; };
		B3A2046D1A97B2F60093052A /* LaunchScreenView.m */ = {isa = PBXFileReference; fileEncoding = 4; lastKnownFileType = sourcecode.c.objc; path = LaunchScreenView.m; sourceTree = "<group>"; };
		B3A4CDC91AA74E650079F8D1 /* AppIcon.png */ = {isa = PBXFileReference; lastKnownFileType = image.png; name = AppIcon.png; path = Voila/Resources/AppIcon.png; sourceTree = "<group>"; };
		B3D401231A8438FE004451B4 /* MKAnnotationView+WebCache.h */ = {isa = PBXFileReference; fileEncoding = 4; lastKnownFileType = sourcecode.c.h; path = "MKAnnotationView+WebCache.h"; sourceTree = "<group>"; };
		B3D401241A8438FE004451B4 /* MKAnnotationView+WebCache.m */ = {isa = PBXFileReference; fileEncoding = 4; lastKnownFileType = sourcecode.c.objc; path = "MKAnnotationView+WebCache.m"; sourceTree = "<group>"; };
		B3D401251A8438FE004451B4 /* NSData+ImageContentType.h */ = {isa = PBXFileReference; fileEncoding = 4; lastKnownFileType = sourcecode.c.h; path = "NSData+ImageContentType.h"; sourceTree = "<group>"; };
		B3D401261A8438FE004451B4 /* NSData+ImageContentType.m */ = {isa = PBXFileReference; fileEncoding = 4; lastKnownFileType = sourcecode.c.objc; path = "NSData+ImageContentType.m"; sourceTree = "<group>"; };
		B3D401271A8438FE004451B4 /* SDImageCache.h */ = {isa = PBXFileReference; fileEncoding = 4; lastKnownFileType = sourcecode.c.h; path = SDImageCache.h; sourceTree = "<group>"; };
		B3D401281A8438FE004451B4 /* SDImageCache.m */ = {isa = PBXFileReference; fileEncoding = 4; lastKnownFileType = sourcecode.c.objc; path = SDImageCache.m; sourceTree = "<group>"; };
		B3D401291A8438FE004451B4 /* SDWebImageCompat.h */ = {isa = PBXFileReference; fileEncoding = 4; lastKnownFileType = sourcecode.c.h; path = SDWebImageCompat.h; sourceTree = "<group>"; };
		B3D4012A1A8438FE004451B4 /* SDWebImageCompat.m */ = {isa = PBXFileReference; fileEncoding = 4; lastKnownFileType = sourcecode.c.objc; path = SDWebImageCompat.m; sourceTree = "<group>"; };
		B3D4012B1A8438FE004451B4 /* SDWebImageDecoder.h */ = {isa = PBXFileReference; fileEncoding = 4; lastKnownFileType = sourcecode.c.h; path = SDWebImageDecoder.h; sourceTree = "<group>"; };
		B3D4012C1A8438FE004451B4 /* SDWebImageDecoder.m */ = {isa = PBXFileReference; fileEncoding = 4; lastKnownFileType = sourcecode.c.objc; path = SDWebImageDecoder.m; sourceTree = "<group>"; };
		B3D4012D1A8438FE004451B4 /* SDWebImageDownloader.h */ = {isa = PBXFileReference; fileEncoding = 4; lastKnownFileType = sourcecode.c.h; path = SDWebImageDownloader.h; sourceTree = "<group>"; };
		B3D4012E1A8438FE004451B4 /* SDWebImageDownloader.m */ = {isa = PBXFileReference; fileEncoding = 4; lastKnownFileType = sourcecode.c.objc; path = SDWebImageDownloader.m; sourceTree = "<group>"; };
		B3D4012F1A8438FE004451B4 /* SDWebImageDownloaderOperation.h */ = {isa = PBXFileReference; fileEncoding = 4; lastKnownFileType = sourcecode.c.h; path = SDWebImageDownloaderOperation.h; sourceTree = "<group>"; };
		B3D401301A8438FE004451B4 /* SDWebImageDownloaderOperation.m */ = {isa = PBXFileReference; fileEncoding = 4; lastKnownFileType = sourcecode.c.objc; path = SDWebImageDownloaderOperation.m; sourceTree = "<group>"; };
		B3D401311A8438FE004451B4 /* SDWebImageManager.h */ = {isa = PBXFileReference; fileEncoding = 4; lastKnownFileType = sourcecode.c.h; path = SDWebImageManager.h; sourceTree = "<group>"; };
		B3D401321A8438FE004451B4 /* SDWebImageManager.m */ = {isa = PBXFileReference; fileEncoding = 4; lastKnownFileType = sourcecode.c.objc; path = SDWebImageManager.m; sourceTree = "<group>"; };
		B3D401331A8438FE004451B4 /* SDWebImageOperation.h */ = {isa = PBXFileReference; fileEncoding = 4; lastKnownFileType = sourcecode.c.h; path = SDWebImageOperation.h; sourceTree = "<group>"; };
		B3D401341A8438FE004451B4 /* SDWebImagePrefetcher.h */ = {isa = PBXFileReference; fileEncoding = 4; lastKnownFileType = sourcecode.c.h; path = SDWebImagePrefetcher.h; sourceTree = "<group>"; };
		B3D401351A8438FE004451B4 /* SDWebImagePrefetcher.m */ = {isa = PBXFileReference; fileEncoding = 4; lastKnownFileType = sourcecode.c.objc; path = SDWebImagePrefetcher.m; sourceTree = "<group>"; };
		B3D401361A8438FE004451B4 /* UIButton+WebCache.h */ = {isa = PBXFileReference; fileEncoding = 4; lastKnownFileType = sourcecode.c.h; path = "UIButton+WebCache.h"; sourceTree = "<group>"; };
		B3D401371A8438FE004451B4 /* UIButton+WebCache.m */ = {isa = PBXFileReference; fileEncoding = 4; lastKnownFileType = sourcecode.c.objc; path = "UIButton+WebCache.m"; sourceTree = "<group>"; };
		B3D401381A8438FE004451B4 /* UIImage+GIF.h */ = {isa = PBXFileReference; fileEncoding = 4; lastKnownFileType = sourcecode.c.h; path = "UIImage+GIF.h"; sourceTree = "<group>"; };
		B3D401391A8438FE004451B4 /* UIImage+GIF.m */ = {isa = PBXFileReference; fileEncoding = 4; lastKnownFileType = sourcecode.c.objc; path = "UIImage+GIF.m"; sourceTree = "<group>"; };
		B3D4013A1A8438FE004451B4 /* UIImage+MultiFormat.h */ = {isa = PBXFileReference; fileEncoding = 4; lastKnownFileType = sourcecode.c.h; path = "UIImage+MultiFormat.h"; sourceTree = "<group>"; };
		B3D4013B1A8438FE004451B4 /* UIImage+MultiFormat.m */ = {isa = PBXFileReference; fileEncoding = 4; lastKnownFileType = sourcecode.c.objc; path = "UIImage+MultiFormat.m"; sourceTree = "<group>"; };
		B3D4013C1A8438FE004451B4 /* UIImage+WebP.h */ = {isa = PBXFileReference; fileEncoding = 4; lastKnownFileType = sourcecode.c.h; path = "UIImage+WebP.h"; sourceTree = "<group>"; };
		B3D4013D1A8438FE004451B4 /* UIImage+WebP.m */ = {isa = PBXFileReference; fileEncoding = 4; lastKnownFileType = sourcecode.c.objc; path = "UIImage+WebP.m"; sourceTree = "<group>"; };
		B3D4013E1A8438FE004451B4 /* UIImageView+HighlightedWebCache.h */ = {isa = PBXFileReference; fileEncoding = 4; lastKnownFileType = sourcecode.c.h; path = "UIImageView+HighlightedWebCache.h"; sourceTree = "<group>"; };
		B3D4013F1A8438FE004451B4 /* UIImageView+HighlightedWebCache.m */ = {isa = PBXFileReference; fileEncoding = 4; lastKnownFileType = sourcecode.c.objc; path = "UIImageView+HighlightedWebCache.m"; sourceTree = "<group>"; };
		B3D401401A8438FE004451B4 /* UIImageView+WebCache.h */ = {isa = PBXFileReference; fileEncoding = 4; lastKnownFileType = sourcecode.c.h; path = "UIImageView+WebCache.h"; sourceTree = "<group>"; };
		B3D401411A8438FE004451B4 /* UIImageView+WebCache.m */ = {isa = PBXFileReference; fileEncoding = 4; lastKnownFileType = sourcecode.c.objc; path = "UIImageView+WebCache.m"; sourceTree = "<group>"; };
		B3D401421A8438FE004451B4 /* UIView+WebCacheOperation.h */ = {isa = PBXFileReference; fileEncoding = 4; lastKnownFileType = sourcecode.c.h; path = "UIView+WebCacheOperation.h"; sourceTree = "<group>"; };
		B3D401431A8438FE004451B4 /* UIView+WebCacheOperation.m */ = {isa = PBXFileReference; fileEncoding = 4; lastKnownFileType = sourcecode.c.objc; path = "UIView+WebCacheOperation.m"; sourceTree = "<group>"; };
		B3E5D5C11A7AFCE90096938B /* SansitaOne.ttf */ = {isa = PBXFileReference; lastKnownFileType = file; path = SansitaOne.ttf; sourceTree = "<group>"; };
		B3F6F6931A7BA4F8002B00CA /* Sending.xib */ = {isa = PBXFileReference; fileEncoding = 4; lastKnownFileType = file.xib; path = Sending.xib; sourceTree = "<group>"; };
		B3F6F6951A7BA621002B00CA /* ChoiceSlider.h */ = {isa = PBXFileReference; fileEncoding = 4; lastKnownFileType = sourcecode.c.h; path = ChoiceSlider.h; sourceTree = "<group>"; };
		B3F6F6961A7BA621002B00CA /* ChoiceSlider.m */ = {isa = PBXFileReference; fileEncoding = 4; lastKnownFileType = sourcecode.c.objc; path = ChoiceSlider.m; sourceTree = "<group>"; };
		B3F6F6981A7BD8AC002B00CA /* UIView+draggable.h */ = {isa = PBXFileReference; fileEncoding = 4; lastKnownFileType = sourcecode.c.h; name = "UIView+draggable.h"; path = "../../../Downloads/UIView-draggable-master/UIView+draggable/UIView+draggable.h"; sourceTree = "<group>"; };
		B3F6F6991A7BD8AC002B00CA /* UIView+draggable.m */ = {isa = PBXFileReference; fileEncoding = 4; lastKnownFileType = sourcecode.c.objc; name = "UIView+draggable.m"; path = "../../../Downloads/UIView-draggable-master/UIView+draggable/UIView+draggable.m"; sourceTree = "<group>"; };
		B3F6F69C1A7BDA65002B00CA /* SliderDiamond.h */ = {isa = PBXFileReference; fileEncoding = 4; lastKnownFileType = sourcecode.c.h; path = SliderDiamond.h; sourceTree = "<group>"; };
		B3F6F69D1A7BDA65002B00CA /* SliderDiamond.m */ = {isa = PBXFileReference; fileEncoding = 4; lastKnownFileType = sourcecode.c.objc; path = SliderDiamond.m; sourceTree = "<group>"; };
		B3F70AE01A83C82900491A59 /* AwaitingFriendsViewController.h */ = {isa = PBXFileReference; fileEncoding = 4; lastKnownFileType = sourcecode.c.h; path = AwaitingFriendsViewController.h; sourceTree = "<group>"; };
		B3F70AE11A83C82900491A59 /* AwaitingFriendsViewController.m */ = {isa = PBXFileReference; fileEncoding = 4; lastKnownFileType = sourcecode.c.objc; path = AwaitingFriendsViewController.m; sourceTree = "<group>"; };
		B3F70AE31A83CB9400491A59 /* AddFriendViewController.h */ = {isa = PBXFileReference; fileEncoding = 4; lastKnownFileType = sourcecode.c.h; path = AddFriendViewController.h; sourceTree = "<group>"; };
		B3F70AE41A83CB9400491A59 /* AddFriendViewController.m */ = {isa = PBXFileReference; fileEncoding = 4; lastKnownFileType = sourcecode.c.objc; path = AddFriendViewController.m; sourceTree = "<group>"; };
		B3FA29AD1A880A2A007AB5F9 /* SignUpViewController.h */ = {isa = PBXFileReference; fileEncoding = 4; lastKnownFileType = sourcecode.c.h; path = SignUpViewController.h; sourceTree = "<group>"; };
		B3FA29AE1A880A2A007AB5F9 /* SignUpViewController.m */ = {isa = PBXFileReference; fileEncoding = 4; lastKnownFileType = sourcecode.c.objc; path = SignUpViewController.m; sourceTree = "<group>"; };
/* End PBXFileReference section */

/* Begin PBXFrameworksBuildPhase section */
		B33EBB8F1A77FFE800DDFC43 /* Frameworks */ = {
			isa = PBXFrameworksBuildPhase;
			buildActionMask = 2147483647;
			files = (
				B3146BB01A785D1C0058A0B4 /* AVFoundation.framework in Frameworks */,
			);
			runOnlyForDeploymentPostprocessing = 0;
		};
		B33EBBA81A77FFE800DDFC43 /* Frameworks */ = {
			isa = PBXFrameworksBuildPhase;
			buildActionMask = 2147483647;
			files = (
			);
			runOnlyForDeploymentPostprocessing = 0;
		};
/* End PBXFrameworksBuildPhase section */

/* Begin PBXGroup section */
		B3146B581A7802520058A0B4 /* Controllers */ = {
			isa = PBXGroup;
			children = (
				B36FCC981A7D1BED0092D643 /* Menu */,
				B396950F1A7AA16E0080D8DF /* Notifications */,
				B3146B591A78026E0058A0B4 /* LoginViewController.h */,
				B3146B5A1A78026E0058A0B4 /* LoginViewController.m */,
				B3FA29AD1A880A2A007AB5F9 /* SignUpViewController.h */,
				B3FA29AE1A880A2A007AB5F9 /* SignUpViewController.m */,
				B3146BA51A785B8C0058A0B4 /* CaptureViewController.h */,
				B3146BA61A785B8C0058A0B4 /* CaptureViewController.m */,
				B33C81221A7952AF00403E5F /* FriendPickerViewController.h */,
				B33C81231A7952AF00403E5F /* FriendPickerViewController.m */,
				B39695081A7A84280080D8DF /* CapturedImageViewController.h */,
				B39695091A7A84280080D8DF /* CapturedImageViewController.m */,
				B3945B7A1A96B01300C2EF4A /* AvatarViewController.h */,
				B3945B7B1A96B01300C2EF4A /* AvatarViewController.m */,
				B372A0CE1A97B6B8001CD23A /* PlaygroundViewController.h */,
				B372A0CF1A97B6B8001CD23A /* PlaygroundViewController.m */,
			);
			name = Controllers;
			sourceTree = "<group>";
		};
		B3146B5C1A7804000058A0B4 /* Services */ = {
			isa = PBXGroup;
			children = (
				B3A204691A97B2D80093052A /* PKAIDecoder.h */,
				B3A2046A1A97B2D80093052A /* PKAIDecoder.m */,
				B320E0CF1A79ABE700C576B9 /* ImageUploader.h */,
				B320E0D01A79ABE700C576B9 /* ImageUploader.m */,
				B3146B5D1A78041A0058A0B4 /* UserSession.h */,
				B3146B5E1A78041A0058A0B4 /* UserSession.m */,
				B3146BA11A7805B40058A0B4 /* Api.h */,
				B3146BA21A7805B40058A0B4 /* Api.m */,
				B300CEC31A93867000B0477D /* Cache.h */,
				B300CEC41A93867000B0477D /* Cache.m */,
				B3A017BB1A97364B0002611F /* OutboxManager.h */,
				B3A017BC1A97364B0002611F /* OutboxManager.m */,
			);
			name = Services;
			sourceTree = "<group>";
		};
		B3146B601A7804390058A0B4 /* AFNetworking */ = {
			isa = PBXGroup;
			children = (
				B3146B611A7804390058A0B4 /* AFHTTPRequestOperation.h */,
				B3146B621A7804390058A0B4 /* AFHTTPRequestOperation.m */,
				B3146B631A7804390058A0B4 /* AFHTTPRequestOperationManager.h */,
				B3146B641A7804390058A0B4 /* AFHTTPRequestOperationManager.m */,
				B3146B651A7804390058A0B4 /* AFHTTPSessionManager.h */,
				B3146B661A7804390058A0B4 /* AFHTTPSessionManager.m */,
				B3146B671A7804390058A0B4 /* AFNetworking.h */,
				B3146B681A7804390058A0B4 /* AFNetworkReachabilityManager.h */,
				B3146B691A7804390058A0B4 /* AFNetworkReachabilityManager.m */,
				B3146B6A1A7804390058A0B4 /* AFSecurityPolicy.h */,
				B3146B6B1A7804390058A0B4 /* AFSecurityPolicy.m */,
				B3146B6C1A7804390058A0B4 /* AFURLConnectionOperation.h */,
				B3146B6D1A7804390058A0B4 /* AFURLConnectionOperation.m */,
				B3146B6E1A7804390058A0B4 /* AFURLRequestSerialization.h */,
				B3146B6F1A7804390058A0B4 /* AFURLRequestSerialization.m */,
				B3146B701A7804390058A0B4 /* AFURLResponseSerialization.h */,
				B3146B711A7804390058A0B4 /* AFURLResponseSerialization.m */,
				B3146B721A7804390058A0B4 /* AFURLSessionManager.h */,
				B3146B731A7804390058A0B4 /* AFURLSessionManager.m */,
			);
			name = AFNetworking;
			path = "../../Documents/Frameworks/AFNetworking-2.4.0/AFNetworking";
			sourceTree = "<group>";
		};
		B3146B7D1A78043E0058A0B4 /* JSONModel */ = {
			isa = PBXGroup;
			children = (
				B3146B7E1A78043F0058A0B4 /* JSONModel */,
				B3146B871A78043F0058A0B4 /* JSONModelCategories */,
				B3146B8A1A78043F0058A0B4 /* JSONModelLib.h */,
				B3146B8B1A78043F0058A0B4 /* JSONModelNetworking */,
				B3146B921A78043F0058A0B4 /* JSONModelTransformations */,
			);
			name = JSONModel;
			path = ../../Documents/Frameworks/JSONModel;
			sourceTree = "<group>";
		};
		B3146B7E1A78043F0058A0B4 /* JSONModel */ = {
			isa = PBXGroup;
			children = (
				B3146B7F1A78043F0058A0B4 /* JSONModel.h */,
				B3146B801A78043F0058A0B4 /* JSONModel.m */,
				B3146B811A78043F0058A0B4 /* JSONModelArray.h */,
				B3146B821A78043F0058A0B4 /* JSONModelArray.m */,
				B3146B831A78043F0058A0B4 /* JSONModelClassProperty.h */,
				B3146B841A78043F0058A0B4 /* JSONModelClassProperty.m */,
				B3146B851A78043F0058A0B4 /* JSONModelError.h */,
				B3146B861A78043F0058A0B4 /* JSONModelError.m */,
			);
			path = JSONModel;
			sourceTree = "<group>";
		};
		B3146B871A78043F0058A0B4 /* JSONModelCategories */ = {
			isa = PBXGroup;
			children = (
				B3146B881A78043F0058A0B4 /* NSArray+JSONModel.h */,
				B3146B891A78043F0058A0B4 /* NSArray+JSONModel.m */,
			);
			path = JSONModelCategories;
			sourceTree = "<group>";
		};
		B3146B8B1A78043F0058A0B4 /* JSONModelNetworking */ = {
			isa = PBXGroup;
			children = (
				B3146B8C1A78043F0058A0B4 /* JSONAPI.h */,
				B3146B8D1A78043F0058A0B4 /* JSONAPI.m */,
				B3146B8E1A78043F0058A0B4 /* JSONHTTPClient.h */,
				B3146B8F1A78043F0058A0B4 /* JSONHTTPClient.m */,
				B3146B901A78043F0058A0B4 /* JSONModel+networking.h */,
				B3146B911A78043F0058A0B4 /* JSONModel+networking.m */,
			);
			path = JSONModelNetworking;
			sourceTree = "<group>";
		};
		B3146B921A78043F0058A0B4 /* JSONModelTransformations */ = {
			isa = PBXGroup;
			children = (
				B3146B931A78043F0058A0B4 /* JSONKeyMapper.h */,
				B3146B941A78043F0058A0B4 /* JSONKeyMapper.m */,
				B3146B951A78043F0058A0B4 /* JSONValueTransformer.h */,
				B3146B961A78043F0058A0B4 /* JSONValueTransformer.m */,
			);
			path = JSONModelTransformations;
			sourceTree = "<group>";
		};
		B3146BA81A785B990058A0B4 /* Behaviors */ = {
			isa = PBXGroup;
			children = (
				B3146BA91A785BC20058A0B4 /* SRBehavior.h */,
				B3146BAA1A785BC20058A0B4 /* SRBehavior.m */,
				B3146BAC1A785C720058A0B4 /* CameraPreviewBehavior.h */,
				B3146BAD1A785C720058A0B4 /* CameraPreviewBehavior.m */,
			);
			name = Behaviors;
			sourceTree = "<group>";
		};
		B33EBB891A77FFE800DDFC43 = {
			isa = PBXGroup;
			children = (
				B3A4CDC91AA74E650079F8D1 /* AppIcon.png */,
				B3D401221A8438FE004451B4 /* SDWebImage */,
				B331F4121A7BA10C008C40EE /* Default-568h@2x.png */,
				B3146BAF1A785D1C0058A0B4 /* AVFoundation.framework */,
				B3146B7D1A78043E0058A0B4 /* JSONModel */,
				B3146B601A7804390058A0B4 /* AFNetworking */,
				B33EBB941A77FFE800DDFC43 /* Voila */,
				B33EBBAE1A77FFE800DDFC43 /* VoilaTests */,
				B33EBB931A77FFE800DDFC43 /* Products */,
			);
			sourceTree = "<group>";
		};
		B33EBB931A77FFE800DDFC43 /* Products */ = {
			isa = PBXGroup;
			children = (
				B33EBB921A77FFE800DDFC43 /* Voila.app */,
				B33EBBAB1A77FFE800DDFC43 /* VoilaTests.xctest */,
			);
			name = Products;
			sourceTree = "<group>";
		};
		B33EBB941A77FFE800DDFC43 /* Voila */ = {
			isa = PBXGroup;
			children = (
				B3A204671A97B2A70093052A /* loader.pkai */,
				B36720D51A78FF8800E1F91D /* test_photo.png */,
				B36720D31A78FC3300E1F91D /* test_camera_bg.png */,
				B3E5D5C11A7AFCE90096938B /* SansitaOne.ttf */,
				B3146BB11A78628D0058A0B4 /* AvenirNextLTPro-Regular.otf */,
				B3146BA41A7806000058A0B4 /* Configuration.h */,
				B3F6F6921A7BA4C2002B00CA /* Views */,
				B396950B1A7A90CC0080D8DF /* Components */,
				B36720D71A79015300E1F91D /* Entities */,
				B36720DE1A7925D900E1F91D /* Managers */,
				B3146BA81A785B990058A0B4 /* Behaviors */,
				B3146B5C1A7804000058A0B4 /* Services */,
				B3146B581A7802520058A0B4 /* Controllers */,
				B33EBB991A77FFE800DDFC43 /* AppDelegate.h */,
				B33EBB9A1A77FFE800DDFC43 /* AppDelegate.m */,
				B33EBB9F1A77FFE800DDFC43 /* Main.storyboard */,
				B33EBBA21A77FFE800DDFC43 /* Images.xcassets */,
				B33EBB951A77FFE800DDFC43 /* Supporting Files */,
			);
			path = Voila;
			sourceTree = "<group>";
		};
		B33EBB951A77FFE800DDFC43 /* Supporting Files */ = {
			isa = PBXGroup;
			children = (
				B33EBB961A77FFE800DDFC43 /* Info.plist */,
				B33EBB971A77FFE800DDFC43 /* main.m */,
			);
			name = "Supporting Files";
			sourceTree = "<group>";
		};
		B33EBBAE1A77FFE800DDFC43 /* VoilaTests */ = {
			isa = PBXGroup;
			children = (
				B33EBBB11A77FFE800DDFC43 /* VoilaTests.m */,
				B33EBBAF1A77FFE800DDFC43 /* Supporting Files */,
			);
			path = VoilaTests;
			sourceTree = "<group>";
		};
		B33EBBAF1A77FFE800DDFC43 /* Supporting Files */ = {
			isa = PBXGroup;
			children = (
				B33EBBB01A77FFE800DDFC43 /* Info.plist */,
			);
			name = "Supporting Files";
			sourceTree = "<group>";
		};
		B36720D71A79015300E1F91D /* Entities */ = {
			isa = PBXGroup;
			children = (
				B36720D81A7901A000E1F91D /* Proposition.h */,
				B36720D91A7901A000E1F91D /* Proposition.m */,
				B36720DB1A79233100E1F91D /* User.h */,
				B36720DC1A79233100E1F91D /* User.m */,
				B36720E21A79293A00E1F91D /* Answer.h */,
				B36720E31A79293A00E1F91D /* Answer.m */,
			);
			name = Entities;
			sourceTree = "<group>";
		};
		B36720DE1A7925D900E1F91D /* Managers */ = {
			isa = PBXGroup;
			children = (
				B36720DF1A79260400E1F91D /* PropositionManager.h */,
				B36720E01A79260400E1F91D /* PropositionManager.m */,
				B331F40F1A7B9C41008C40EE /* UserManager.h */,
				B331F4101A7B9C41008C40EE /* UserManager.m */,
				B32934A91A8E05CE0032EA10 /* AnswerManager.h */,
				B32934AA1A8E05CE0032EA10 /* AnswerManager.m */,
			);
			name = Managers;
			sourceTree = "<group>";
		};
		B36FCC981A7D1BED0092D643 /* Menu */ = {
			isa = PBXGroup;
			children = (
				B36FCC991A7D1E8A0092D643 /* MenuViewController.h */,
				B36FCC9A1A7D1E8A0092D643 /* MenuViewController.m */,
				B36642041A8210D1006691F1 /* FriendListViewController.h */,
				B36642051A8210D1006691F1 /* FriendListViewController.m */,
				B3F70AE01A83C82900491A59 /* AwaitingFriendsViewController.h */,
				B3F70AE11A83C82900491A59 /* AwaitingFriendsViewController.m */,
				B3F70AE31A83CB9400491A59 /* AddFriendViewController.h */,
				B3F70AE41A83CB9400491A59 /* AddFriendViewController.m */,
				B3011E361A8531E000B72F73 /* ReceptionViewController.h */,
				B3011E371A8531E000B72F73 /* ReceptionViewController.m */,
				B38FC9061A8BBAA80004EDD3 /* ProfileViewController.h */,
				B38FC9071A8BBAA80004EDD3 /* ProfileViewController.m */,
				B38FC9091A8BC2960004EDD3 /* SettingsViewController.h */,
				B38FC90A1A8BC2960004EDD3 /* SettingsViewController.m */,
			);
			name = Menu;
			sourceTree = "<group>";
		};
		B396950B1A7A90CC0080D8DF /* Components */ = {
			isa = PBXGroup;
			children = (
				B372A0CB1A97B3C4001CD23A /* UIImage+Tint.h */,
				B372A0CC1A97B3C4001CD23A /* UIImage+Tint.m */,
				B3F6F69B1A7BDA3C002B00CA /* ChoiceSlider */,
				B3F6F6981A7BD8AC002B00CA /* UIView+draggable.h */,
				B3F6F6991A7BD8AC002B00CA /* UIView+draggable.m */,
				B396950C1A7A90F60080D8DF /* FriendSwitch.h */,
				B396950D1A7A90F60080D8DF /* FriendSwitch.m */,
				B3822E631A836E1B0066FDE4 /* SRUnderlinedLabel.h */,
				B3822E641A836E1B0066FDE4 /* SRUnderlinedLabel.m */,
			);
			name = Components;
			sourceTree = "<group>";
		};
		B396950F1A7AA16E0080D8DF /* Notifications */ = {
			isa = PBXGroup;
			children = (
				B39695101A7AA18C0080D8DF /* NotificationStackViewController.h */,
				B39695111A7AA18C0080D8DF /* NotificationStackViewController.m */,
				B39695131A7AA2950080D8DF /* PendingPropositionViewController.h */,
				B39695141A7AA2950080D8DF /* PendingPropositionViewController.m */,
				B330EBF81A8CEEB6001B5819 /* AnswerViewController.h */,
				B330EBF91A8CEEB6001B5819 /* AnswerViewController.m */,
				B3A017BE1A973D330002611F /* HistoryViewController.h */,
				B3A017BF1A973D330002611F /* HistoryViewController.m */,
			);
			name = Notifications;
			sourceTree = "<group>";
		};
		B3D401221A8438FE004451B4 /* SDWebImage */ = {
			isa = PBXGroup;
			children = (
				B3D401231A8438FE004451B4 /* MKAnnotationView+WebCache.h */,
				B3D401241A8438FE004451B4 /* MKAnnotationView+WebCache.m */,
				B3D401251A8438FE004451B4 /* NSData+ImageContentType.h */,
				B3D401261A8438FE004451B4 /* NSData+ImageContentType.m */,
				B3D401271A8438FE004451B4 /* SDImageCache.h */,
				B3D401281A8438FE004451B4 /* SDImageCache.m */,
				B3D401291A8438FE004451B4 /* SDWebImageCompat.h */,
				B3D4012A1A8438FE004451B4 /* SDWebImageCompat.m */,
				B3D4012B1A8438FE004451B4 /* SDWebImageDecoder.h */,
				B3D4012C1A8438FE004451B4 /* SDWebImageDecoder.m */,
				B3D4012D1A8438FE004451B4 /* SDWebImageDownloader.h */,
				B3D4012E1A8438FE004451B4 /* SDWebImageDownloader.m */,
				B3D4012F1A8438FE004451B4 /* SDWebImageDownloaderOperation.h */,
				B3D401301A8438FE004451B4 /* SDWebImageDownloaderOperation.m */,
				B3D401311A8438FE004451B4 /* SDWebImageManager.h */,
				B3D401321A8438FE004451B4 /* SDWebImageManager.m */,
				B3D401331A8438FE004451B4 /* SDWebImageOperation.h */,
				B3D401341A8438FE004451B4 /* SDWebImagePrefetcher.h */,
				B3D401351A8438FE004451B4 /* SDWebImagePrefetcher.m */,
				B3D401361A8438FE004451B4 /* UIButton+WebCache.h */,
				B3D401371A8438FE004451B4 /* UIButton+WebCache.m */,
				B3D401381A8438FE004451B4 /* UIImage+GIF.h */,
				B3D401391A8438FE004451B4 /* UIImage+GIF.m */,
				B3D4013A1A8438FE004451B4 /* UIImage+MultiFormat.h */,
				B3D4013B1A8438FE004451B4 /* UIImage+MultiFormat.m */,
				B3D4013C1A8438FE004451B4 /* UIImage+WebP.h */,
				B3D4013D1A8438FE004451B4 /* UIImage+WebP.m */,
				B3D4013E1A8438FE004451B4 /* UIImageView+HighlightedWebCache.h */,
				B3D4013F1A8438FE004451B4 /* UIImageView+HighlightedWebCache.m */,
				B3D401401A8438FE004451B4 /* UIImageView+WebCache.h */,
				B3D401411A8438FE004451B4 /* UIImageView+WebCache.m */,
				B3D401421A8438FE004451B4 /* UIView+WebCacheOperation.h */,
				B3D401431A8438FE004451B4 /* UIView+WebCacheOperation.m */,
			);
			path = SDWebImage;
			sourceTree = "<group>";
		};
		B3F6F6921A7BA4C2002B00CA /* Views */ = {
			isa = PBXGroup;
			children = (
				B33EBBA41A77FFE800DDFC43 /* LaunchScreen.xib */,
				B3F6F6931A7BA4F8002B00CA /* Sending.xib */,
				B3A2046C1A97B2F60093052A /* LaunchScreenView.h */,
				B3A2046D1A97B2F60093052A /* LaunchScreenView.m */,
			);
			name = Views;
			sourceTree = "<group>";
		};
		B3F6F69B1A7BDA3C002B00CA /* ChoiceSlider */ = {
			isa = PBXGroup;
			children = (
				B3F6F6951A7BA621002B00CA /* ChoiceSlider.h */,
				B3F6F6961A7BA621002B00CA /* ChoiceSlider.m */,
				B3F6F69C1A7BDA65002B00CA /* SliderDiamond.h */,
				B3F6F69D1A7BDA65002B00CA /* SliderDiamond.m */,
			);
			name = ChoiceSlider;
			sourceTree = "<group>";
		};
/* End PBXGroup section */

/* Begin PBXNativeTarget section */
		B33EBB911A77FFE800DDFC43 /* Voila */ = {
			isa = PBXNativeTarget;
			buildConfigurationList = B33EBBB51A77FFE800DDFC43 /* Build configuration list for PBXNativeTarget "Voila" */;
			buildPhases = (
				B33EBB8E1A77FFE800DDFC43 /* Sources */,
				B33EBB8F1A77FFE800DDFC43 /* Frameworks */,
				B33EBB901A77FFE800DDFC43 /* Resources */,
			);
			buildRules = (
			);
			dependencies = (
			);
			name = Voila;
			productName = Voila;
			productReference = B33EBB921A77FFE800DDFC43 /* Voila.app */;
			productType = "com.apple.product-type.application";
		};
		B33EBBAA1A77FFE800DDFC43 /* VoilaTests */ = {
			isa = PBXNativeTarget;
			buildConfigurationList = B33EBBB81A77FFE800DDFC43 /* Build configuration list for PBXNativeTarget "VoilaTests" */;
			buildPhases = (
				B33EBBA71A77FFE800DDFC43 /* Sources */,
				B33EBBA81A77FFE800DDFC43 /* Frameworks */,
				B33EBBA91A77FFE800DDFC43 /* Resources */,
			);
			buildRules = (
			);
			dependencies = (
				B33EBBAD1A77FFE800DDFC43 /* PBXTargetDependency */,
			);
			name = VoilaTests;
			productName = VoilaTests;
			productReference = B33EBBAB1A77FFE800DDFC43 /* VoilaTests.xctest */;
			productType = "com.apple.product-type.bundle.unit-test";
		};
/* End PBXNativeTarget section */

/* Begin PBXProject section */
		B33EBB8A1A77FFE800DDFC43 /* Project object */ = {
			isa = PBXProject;
			attributes = {
				LastUpgradeCheck = 0610;
				ORGANIZATIONNAME = "Syrup Apps";
				TargetAttributes = {
					B33EBB911A77FFE800DDFC43 = {
						CreatedOnToolsVersion = 6.1.1;
						DevelopmentTeam = BS32A789K9;
					};
					B33EBBAA1A77FFE800DDFC43 = {
						CreatedOnToolsVersion = 6.1.1;
						TestTargetID = B33EBB911A77FFE800DDFC43;
					};
				};
			};
			buildConfigurationList = B33EBB8D1A77FFE800DDFC43 /* Build configuration list for PBXProject "Voila" */;
			compatibilityVersion = "Xcode 3.2";
			developmentRegion = English;
			hasScannedForEncodings = 0;
			knownRegions = (
				en,
				Base,
			);
			mainGroup = B33EBB891A77FFE800DDFC43;
			productRefGroup = B33EBB931A77FFE800DDFC43 /* Products */;
			projectDirPath = "";
			projectRoot = "";
			targets = (
				B33EBB911A77FFE800DDFC43 /* Voila */,
				B33EBBAA1A77FFE800DDFC43 /* VoilaTests */,
			);
		};
/* End PBXProject section */

/* Begin PBXResourcesBuildPhase section */
		B33EBB901A77FFE800DDFC43 /* Resources */ = {
			isa = PBXResourcesBuildPhase;
			buildActionMask = 2147483647;
			files = (
				B33EBBA11A77FFE800DDFC43 /* Main.storyboard in Resources */,
				B3A204681A97B2A70093052A /* loader.pkai in Resources */,
				B3E5D5C21A7AFCE90096938B /* SansitaOne.ttf in Resources */,
				B33EBBA61A77FFE800DDFC43 /* LaunchScreen.xib in Resources */,
				B3146BB21A78628D0058A0B4 /* AvenirNextLTPro-Regular.otf in Resources */,
				B36720D41A78FC3300E1F91D /* test_camera_bg.png in Resources */,
				B3A4CDCA1AA74E650079F8D1 /* AppIcon.png in Resources */,
				B331F4131A7BA10C008C40EE /* Default-568h@2x.png in Resources */,
				B36720D61A78FF8800E1F91D /* test_photo.png in Resources */,
				B33EBBA31A77FFE800DDFC43 /* Images.xcassets in Resources */,
				B3F6F6941A7BA4F8002B00CA /* Sending.xib in Resources */,
			);
			runOnlyForDeploymentPostprocessing = 0;
		};
		B33EBBA91A77FFE800DDFC43 /* Resources */ = {
			isa = PBXResourcesBuildPhase;
			buildActionMask = 2147483647;
			files = (
			);
			runOnlyForDeploymentPostprocessing = 0;
		};
/* End PBXResourcesBuildPhase section */

/* Begin PBXSourcesBuildPhase section */
		B33EBB8E1A77FFE800DDFC43 /* Sources */ = {
			isa = PBXSourcesBuildPhase;
			buildActionMask = 2147483647;
			files = (
				B396950A1A7A84280080D8DF /* CapturedImageViewController.m in Sources */,
				B3822E651A836E1B0066FDE4 /* SRUnderlinedLabel.m in Sources */,
				B3146B9D1A78043F0058A0B4 /* JSONHTTPClient.m in Sources */,
				B3F6F69E1A7BDA65002B00CA /* SliderDiamond.m in Sources */,
				B3146B981A78043F0058A0B4 /* JSONModelArray.m in Sources */,
				B33EBB9B1A77FFE800DDFC43 /* AppDelegate.m in Sources */,
				B3FA29AF1A880A2A007AB5F9 /* SignUpViewController.m in Sources */,
				B3D4014F1A8438FE004451B4 /* UIImage+MultiFormat.m in Sources */,
				B320E0D11A79ABE700C576B9 /* ImageUploader.m in Sources */,
				B38FC9081A8BBAA80004EDD3 /* ProfileViewController.m in Sources */,
				B3D401501A8438FE004451B4 /* UIImage+WebP.m in Sources */,
				B3A017C01A973D330002611F /* HistoryViewController.m in Sources */,
				B3D401481A8438FE004451B4 /* SDWebImageDecoder.m in Sources */,
				B3D401471A8438FE004451B4 /* SDWebImageCompat.m in Sources */,
				B3146B781A7804390058A0B4 /* AFSecurityPolicy.m in Sources */,
				B3146B9F1A78043F0058A0B4 /* JSONKeyMapper.m in Sources */,
				B3A2046B1A97B2D80093052A /* PKAIDecoder.m in Sources */,
				B3146BAE1A785C720058A0B4 /* CameraPreviewBehavior.m in Sources */,
				B3D401451A8438FE004451B4 /* NSData+ImageContentType.m in Sources */,
				B330EBFA1A8CEEB6001B5819 /* AnswerViewController.m in Sources */,
				B33EBB981A77FFE800DDFC43 /* main.m in Sources */,
				B3F70AE21A83C82900491A59 /* AwaitingFriendsViewController.m in Sources */,
				B3146B751A7804390058A0B4 /* AFHTTPRequestOperationManager.m in Sources */,
				B3A2046E1A97B2F60093052A /* LaunchScreenView.m in Sources */,
				B3A017BD1A97364B0002611F /* OutboxManager.m in Sources */,
				B3D401511A8438FE004451B4 /* UIImageView+HighlightedWebCache.m in Sources */,
				B3F6F69A1A7BD8AC002B00CA /* UIView+draggable.m in Sources */,
				B3011E381A8531E000B72F73 /* ReceptionViewController.m in Sources */,
				B3146B791A7804390058A0B4 /* AFURLConnectionOperation.m in Sources */,
				B372A0D01A97B6B8001CD23A /* PlaygroundViewController.m in Sources */,
				B3146B741A7804390058A0B4 /* AFHTTPRequestOperation.m in Sources */,
				B39695121A7AA18C0080D8DF /* NotificationStackViewController.m in Sources */,
				B3D401491A8438FE004451B4 /* SDWebImageDownloader.m in Sources */,
				B3D4014D1A8438FE004451B4 /* UIButton+WebCache.m in Sources */,
				B36720DA1A7901A000E1F91D /* Proposition.m in Sources */,
				B3146B5B1A78026E0058A0B4 /* LoginViewController.m in Sources */,
				B3945B7C1A96B01300C2EF4A /* AvatarViewController.m in Sources */,
				B33C81241A7952AF00403E5F /* FriendPickerViewController.m in Sources */,
				B36642061A8210D1006691F1 /* FriendListViewController.m in Sources */,
				B3F6F6971A7BA621002B00CA /* ChoiceSlider.m in Sources */,
				B331F4111A7B9C41008C40EE /* UserManager.m in Sources */,
				B3146B971A78043F0058A0B4 /* JSONModel.m in Sources */,
				B3146B9A1A78043F0058A0B4 /* JSONModelError.m in Sources */,
				B3D4014A1A8438FE004451B4 /* SDWebImageDownloaderOperation.m in Sources */,
				B3146B9B1A78043F0058A0B4 /* NSArray+JSONModel.m in Sources */,
				B3F70AE51A83CB9400491A59 /* AddFriendViewController.m in Sources */,
				B3146B991A78043F0058A0B4 /* JSONModelClassProperty.m in Sources */,
				B3146B7A1A7804390058A0B4 /* AFURLRequestSerialization.m in Sources */,
				B36FCC9B1A7D1E8A0092D643 /* MenuViewController.m in Sources */,
				B3146B761A7804390058A0B4 /* AFHTTPSessionManager.m in Sources */,
				B3146B771A7804390058A0B4 /* AFNetworkReachabilityManager.m in Sources */,
				B3146BA01A78043F0058A0B4 /* JSONValueTransformer.m in Sources */,
				B3D401531A8438FE004451B4 /* UIView+WebCacheOperation.m in Sources */,
				B3D401461A8438FE004451B4 /* SDImageCache.m in Sources */,
				B300CEC51A93867000B0477D /* Cache.m in Sources */,
				B3D4014B1A8438FE004451B4 /* SDWebImageManager.m in Sources */,
				B39695151A7AA2950080D8DF /* PendingPropositionViewController.m in Sources */,
				B3D4014C1A8438FE004451B4 /* SDWebImagePrefetcher.m in Sources */,
				B372A0CD1A97B3C4001CD23A /* UIImage+Tint.m in Sources */,
				B3146BA31A7805B40058A0B4 /* Api.m in Sources */,
				B396950E1A7A90F60080D8DF /* FriendSwitch.m in Sources */,
				B3146B7B1A7804390058A0B4 /* AFURLResponseSerialization.m in Sources */,
				B3146B9C1A78043F0058A0B4 /* JSONAPI.m in Sources */,
				B3146B7C1A7804390058A0B4 /* AFURLSessionManager.m in Sources */,
				B36720E41A79293A00E1F91D /* Answer.m in Sources */,
				B3D401521A8438FE004451B4 /* UIImageView+WebCache.m in Sources */,
				B36720E11A79260400E1F91D /* PropositionManager.m in Sources */,
				B36720DD1A79233100E1F91D /* User.m in Sources */,
				B3D401441A8438FE004451B4 /* MKAnnotationView+WebCache.m in Sources */,
				B32934AB1A8E05CE0032EA10 /* AnswerManager.m in Sources */,
				B3146BAB1A785BC20058A0B4 /* SRBehavior.m in Sources */,
				B3146B9E1A78043F0058A0B4 /* JSONModel+networking.m in Sources */,
				B3D4014E1A8438FE004451B4 /* UIImage+GIF.m in Sources */,
				B38FC90B1A8BC2960004EDD3 /* SettingsViewController.m in Sources */,
				B3146BA71A785B8C0058A0B4 /* CaptureViewController.m in Sources */,
				B3146B5F1A78041A0058A0B4 /* UserSession.m in Sources */,
			);
			runOnlyForDeploymentPostprocessing = 0;
		};
		B33EBBA71A77FFE800DDFC43 /* Sources */ = {
			isa = PBXSourcesBuildPhase;
			buildActionMask = 2147483647;
			files = (
				B33EBBB21A77FFE800DDFC43 /* VoilaTests.m in Sources */,
			);
			runOnlyForDeploymentPostprocessing = 0;
		};
/* End PBXSourcesBuildPhase section */

/* Begin PBXTargetDependency section */
		B33EBBAD1A77FFE800DDFC43 /* PBXTargetDependency */ = {
			isa = PBXTargetDependency;
			target = B33EBB911A77FFE800DDFC43 /* Voila */;
			targetProxy = B33EBBAC1A77FFE800DDFC43 /* PBXContainerItemProxy */;
		};
/* End PBXTargetDependency section */

/* Begin PBXVariantGroup section */
		B33EBB9F1A77FFE800DDFC43 /* Main.storyboard */ = {
			isa = PBXVariantGroup;
			children = (
				B33EBBA01A77FFE800DDFC43 /* Base */,
			);
			name = Main.storyboard;
			sourceTree = "<group>";
		};
		B33EBBA41A77FFE800DDFC43 /* LaunchScreen.xib */ = {
			isa = PBXVariantGroup;
			children = (
				B33EBBA51A77FFE800DDFC43 /* Base */,
			);
			name = LaunchScreen.xib;
			sourceTree = "<group>";
		};
/* End PBXVariantGroup section */

/* Begin XCBuildConfiguration section */
		B33EBBB31A77FFE800DDFC43 /* Debug */ = {
			isa = XCBuildConfiguration;
			buildSettings = {
				ALWAYS_SEARCH_USER_PATHS = NO;
				CLANG_CXX_LANGUAGE_STANDARD = "gnu++0x";
				CLANG_CXX_LIBRARY = "libc++";
				CLANG_ENABLE_MODULES = YES;
				CLANG_ENABLE_OBJC_ARC = YES;
				CLANG_WARN_BOOL_CONVERSION = YES;
				CLANG_WARN_CONSTANT_CONVERSION = YES;
				CLANG_WARN_DIRECT_OBJC_ISA_USAGE = YES_ERROR;
				CLANG_WARN_EMPTY_BODY = YES;
				CLANG_WARN_ENUM_CONVERSION = YES;
				CLANG_WARN_INT_CONVERSION = YES;
				CLANG_WARN_OBJC_ROOT_CLASS = YES_ERROR;
				CLANG_WARN_UNREACHABLE_CODE = YES;
				CLANG_WARN__DUPLICATE_METHOD_MATCH = YES;
				CODE_SIGN_IDENTITY = "iPhone Distribution: Glenn Sonna";
				"CODE_SIGN_IDENTITY[sdk=iphoneos*]" = "iPhone Developer";
				COPY_PHASE_STRIP = NO;
				ENABLE_STRICT_OBJC_MSGSEND = YES;
				GCC_C_LANGUAGE_STANDARD = gnu99;
				GCC_DYNAMIC_NO_PIC = NO;
				GCC_OPTIMIZATION_LEVEL = 0;
				GCC_PREPROCESSOR_DEFINITIONS = (
					"DEBUG=1",
					"$(inherited)",
				);
				GCC_SYMBOLS_PRIVATE_EXTERN = NO;
				GCC_WARN_64_TO_32_BIT_CONVERSION = YES;
				GCC_WARN_ABOUT_RETURN_TYPE = YES_ERROR;
				GCC_WARN_UNDECLARED_SELECTOR = YES;
				GCC_WARN_UNINITIALIZED_AUTOS = YES_AGGRESSIVE;
				GCC_WARN_UNUSED_FUNCTION = YES;
				GCC_WARN_UNUSED_VARIABLE = YES;
				IPHONEOS_DEPLOYMENT_TARGET = 7.0;
				MTL_ENABLE_DEBUG_INFO = YES;
				ONLY_ACTIVE_ARCH = YES;
				PROVISIONING_PROFILE = "0fd75078-4371-45b8-a606-36c88357b323";
				SDKROOT = iphoneos;
			};
			name = Debug;
		};
		B33EBBB41A77FFE800DDFC43 /* Release */ = {
			isa = XCBuildConfiguration;
			buildSettings = {
				ALWAYS_SEARCH_USER_PATHS = NO;
				CLANG_CXX_LANGUAGE_STANDARD = "gnu++0x";
				CLANG_CXX_LIBRARY = "libc++";
				CLANG_ENABLE_MODULES = YES;
				CLANG_ENABLE_OBJC_ARC = YES;
				CLANG_WARN_BOOL_CONVERSION = YES;
				CLANG_WARN_CONSTANT_CONVERSION = YES;
				CLANG_WARN_DIRECT_OBJC_ISA_USAGE = YES_ERROR;
				CLANG_WARN_EMPTY_BODY = YES;
				CLANG_WARN_ENUM_CONVERSION = YES;
				CLANG_WARN_INT_CONVERSION = YES;
				CLANG_WARN_OBJC_ROOT_CLASS = YES_ERROR;
				CLANG_WARN_UNREACHABLE_CODE = YES;
				CLANG_WARN__DUPLICATE_METHOD_MATCH = YES;
				CODE_SIGN_IDENTITY = "iPhone Distribution: Glenn Sonna";
				"CODE_SIGN_IDENTITY[sdk=iphoneos*]" = "iPhone Developer";
				COPY_PHASE_STRIP = YES;
				ENABLE_NS_ASSERTIONS = NO;
				ENABLE_STRICT_OBJC_MSGSEND = YES;
				GCC_C_LANGUAGE_STANDARD = gnu99;
				GCC_WARN_64_TO_32_BIT_CONVERSION = YES;
				GCC_WARN_ABOUT_RETURN_TYPE = YES_ERROR;
				GCC_WARN_UNDECLARED_SELECTOR = YES;
				GCC_WARN_UNINITIALIZED_AUTOS = YES_AGGRESSIVE;
				GCC_WARN_UNUSED_FUNCTION = YES;
				GCC_WARN_UNUSED_VARIABLE = YES;
				IPHONEOS_DEPLOYMENT_TARGET = 7.0;
				MTL_ENABLE_DEBUG_INFO = NO;
				PROVISIONING_PROFILE = "0fd75078-4371-45b8-a606-36c88357b323";
				SDKROOT = iphoneos;
				VALIDATE_PRODUCT = YES;
			};
			name = Release;
		};
		B33EBBB61A77FFE800DDFC43 /* Debug */ = {
			isa = XCBuildConfiguration;
			buildSettings = {
				ASSETCATALOG_COMPILER_APPICON_NAME = AppIcon;
				BUNDLE_ID = com.syrupapps.Voila;
				CODE_SIGN_IDENTITY = "iPhone Developer";
				INFOPLIST_FILE = Voila/Info.plist;
				IPHONEOS_DEPLOYMENT_TARGET = 7.0;
				LD_RUNPATH_SEARCH_PATHS = "$(inherited) @executable_path/Frameworks";
				PRODUCT_NAME = Voila;
				PROVISIONING_PROFILE = "02938bee-053b-42c6-91da-ab31247c4dfd";
			};
			name = Debug;
		};
		B33EBBB71A77FFE800DDFC43 /* Release */ = {
			isa = XCBuildConfiguration;
			buildSettings = {
				ASSETCATALOG_COMPILER_APPICON_NAME = AppIcon;
				BUNDLE_ID = com.syrupapps.Voila;
				CODE_SIGN_IDENTITY = "iPhone Developer";
				INFOPLIST_FILE = Voila/Info.plist;
				IPHONEOS_DEPLOYMENT_TARGET = 7.0;
				LD_RUNPATH_SEARCH_PATHS = "$(inherited) @executable_path/Frameworks";
				PRODUCT_NAME = Voila;
				PROVISIONING_PROFILE = "02938bee-053b-42c6-91da-ab31247c4dfd";
			};
			name = Release;
		};
		B33EBBB91A77FFE800DDFC43 /* Debug */ = {
			isa = XCBuildConfiguration;
			buildSettings = {
				BUNDLE_LOADER = "$(TEST_HOST)";
				CODE_SIGN_IDENTITY = "iPhone Developer: Glenn Sonna (22XJB3295S)";
				FRAMEWORK_SEARCH_PATHS = (
					"$(SDKROOT)/Developer/Library/Frameworks",
					"$(inherited)",
				);
				GCC_PREPROCESSOR_DEFINITIONS = (
					"DEBUG=1",
					"$(inherited)",
				);
				INFOPLIST_FILE = VoilaTests/Info.plist;
				LD_RUNPATH_SEARCH_PATHS = "$(inherited) @executable_path/Frameworks @loader_path/Frameworks";
				PRODUCT_NAME = VoilaTests;
				PROVISIONING_PROFILE = "";
				TEST_HOST = "$(BUILT_PRODUCTS_DIR)/Voila.app/Voila";
			};
			name = Debug;
		};
		B33EBBBA1A77FFE800DDFC43 /* Release */ = {
			isa = XCBuildConfiguration;
			buildSettings = {
				BUNDLE_LOADER = "$(TEST_HOST)";
				CODE_SIGN_IDENTITY = "iPhone Developer: Glenn Sonna (22XJB3295S)";
				FRAMEWORK_SEARCH_PATHS = (
					"$(SDKROOT)/Developer/Library/Frameworks",
					"$(inherited)",
				);
				INFOPLIST_FILE = VoilaTests/Info.plist;
				LD_RUNPATH_SEARCH_PATHS = "$(inherited) @executable_path/Frameworks @loader_path/Frameworks";
				PRODUCT_NAME = VoilaTests;
				PROVISIONING_PROFILE = "";
				TEST_HOST = "$(BUILT_PRODUCTS_DIR)/Voila.app/Voila";
			};
			name = Release;
		};
/* End XCBuildConfiguration section */

/* Begin XCConfigurationList section */
		B33EBB8D1A77FFE800DDFC43 /* Build configuration list for PBXProject "Voila" */ = {
			isa = XCConfigurationList;
			buildConfigurations = (
				B33EBBB31A77FFE800DDFC43 /* Debug */,
				B33EBBB41A77FFE800DDFC43 /* Release */,
			);
			defaultConfigurationIsVisible = 0;
			defaultConfigurationName = Release;
		};
		B33EBBB51A77FFE800DDFC43 /* Build configuration list for PBXNativeTarget "Voila" */ = {
			isa = XCConfigurationList;
			buildConfigurations = (
				B33EBBB61A77FFE800DDFC43 /* Debug */,
				B33EBBB71A77FFE800DDFC43 /* Release */,
			);
			defaultConfigurationIsVisible = 0;
			defaultConfigurationName = Release;
		};
		B33EBBB81A77FFE800DDFC43 /* Build configuration list for PBXNativeTarget "VoilaTests" */ = {
			isa = XCConfigurationList;
			buildConfigurations = (
				B33EBBB91A77FFE800DDFC43 /* Debug */,
				B33EBBBA1A77FFE800DDFC43 /* Release */,
			);
			defaultConfigurationIsVisible = 0;
			defaultConfigurationName = Release;
		};
/* End XCConfigurationList section */
	};
	rootObject = B33EBB8A1A77FFE800DDFC43 /* Project object */;
}
